hash: b55f48c0e2358de5b4595e302aa6576bcee7b170d92c806464bc04f1bc785f78
updated: 2018-04-18T15:12:24.173677-04:00
imports:
- name: github.com/apache/thrift
  version: 9549b25c77587b29be4e0b5c258221a4ed85d37a
  subpackages:
  - lib/go/thrift
- name: github.com/facebookgo/clock
  version: 600d898af40aa09a7a93ecb9265d87b0504b6f03
- name: github.com/gogo/protobuf
  version: 1adfc126b41513cc696b209667c8656ea7aac67c
  subpackages:
  - gogoproto
  - proto
  - protoc-gen-gogo/descriptor
- name: github.com/golang/mock
  version: c34cdb4725f4c3844d095133c6e40e448b86589b
  subpackages:
  - gomock
- name: github.com/golang/protobuf
  version: 925541529c1fa6821df4e44ce2723319eb2be768
  subpackages:
  - proto
- name: github.com/m3db/m3cluster
  version: cb17a54d6902c03790286942bafa04a188d4eeb8
  subpackages:
  - client
  - generated/proto/metadatapb
  - generated/proto/placementpb
  - kv
  - kv/mem
  - kv/util/runtime
  - placement
  - placement/algo
  - placement/selector
  - placement/service
  - placement/storage
  - services
  - services/leader/campaign
  - shard
- name: github.com/m3db/m3x
  version: 29bc232d9ad2e6c4a1804ccce095bb730fb1c6bc
  subpackages:
  - checked
  - clock
  - close
  - errors
  - instrument
  - log
  - pool
  - process
  - resource
  - retry
  - watch
- name: github.com/uber-go/atomic
  version: e682c1008ac17bf26d2e4b5ad6cdd08520ed0b22
- name: github.com/uber-go/tally
  version: 522328b48efad0c6034dba92bf39228694e9d31f
  subpackages:
  - m3
  - m3/customtransports
  - m3/thrift
  - m3/thriftudp
- name: go.uber.org/atomic
  version: 8474b86a5a6f79c443ce4b2992817ff32cf208b8
- name: go.uber.org/multierr
  version: 3c4937480c32f4c13a875a1829af76c98ca3d40a
- name: go.uber.org/zap
  version: 35aad584952c3e7020db7b839f6b102de6271f89
  subpackages:
  - buffer
  - internal/bufferpool
  - internal/color
  - internal/exit
  - zapcore
- name: golang.org/x/net
  version: f2499483f923065a842d38eb4c7f1927e6fc6e6d
  subpackages:
  - context
testImports:
- name: github.com/fortytw2/leaktest
  version: a5ef70473c97b71626b9abeda80ee92ba2a7de9e
- name: github.com/stretchr/testify
  version: 232e8563676cd15c3a36ba5e675ad4312ac4cb11
  subpackages:
  - assert
  - require
- name: gopkg.in/yaml.v2
  version: a83829b6f1293c91addabc89d0571c246397bbf4
