hash: 856a640112d36c6f1d9dc3f99d2bbba7ea4712fbcd28e6671d9af421ff37673d
updated: 2018-11-27T00:47:44.427163-05:00
imports:
- name: github.com/apache/thrift
  version: c2fb1c4e8c931d22617bebb0bf388cb4d5e6fcff
  repo: https://github.com/m3db/thrift
  vcs: git
  subpackages:
  - lib/go/thrift
- name: github.com/beorn7/perks
  version: 4c0e84591b9aa9e6dcfdf3e020114cd81f89d5f9
  subpackages:
  - quantile
- name: github.com/cespare/xxhash
  version: 48099fad606eafc26e3a569fad19ff510fff4df6
- name: github.com/cockroachdb/cmux
  version: 112f0506e7743d64a6eb8fedbcff13d9979bbf92
- name: github.com/coreos/bbolt
  version: 32c383e75ce054674c53b5a07e55de85332aee14
- name: github.com/coreos/etcd
  version: 694728c496e22dfa5719c78ff23cc982e15bcb2f
  subpackages:
  - alarm
  - auth
  - auth/authpb
  - client
  - clientv3
  - clientv3/concurrency
  - clientv3/namespace
  - clientv3/naming
  - compactor
  - discovery
  - embed
  - error
  - etcdserver
  - etcdserver/api
  - etcdserver/api/etcdhttp
  - etcdserver/api/v2http
  - etcdserver/api/v2http/httptypes
  - etcdserver/api/v3client
  - etcdserver/api/v3election
  - etcdserver/api/v3election/v3electionpb
  - etcdserver/api/v3election/v3electionpb/gw
  - etcdserver/api/v3lock
  - etcdserver/api/v3lock/v3lockpb
  - etcdserver/api/v3lock/v3lockpb/gw
  - etcdserver/api/v3rpc
  - etcdserver/api/v3rpc/rpctypes
  - etcdserver/auth
  - etcdserver/etcdserverpb
  - etcdserver/etcdserverpb/gw
  - etcdserver/membership
  - etcdserver/stats
  - integration
  - lease
  - lease/leasehttp
  - lease/leasepb
  - mvcc
  - mvcc/backend
  - mvcc/mvccpb
  - pkg/adt
  - pkg/contention
  - pkg/cors
  - pkg/cpuutil
  - pkg/crc
  - pkg/debugutil
  - pkg/fileutil
  - pkg/httputil
  - pkg/idutil
  - pkg/ioutil
  - pkg/logutil
  - pkg/monotime
  - pkg/netutil
  - pkg/pathutil
  - pkg/pbutil
  - pkg/runtime
  - pkg/schedule
  - pkg/srv
  - pkg/testutil
  - pkg/tlsutil
  - pkg/transport
  - pkg/types
  - pkg/wait
  - proxy/grpcproxy
  - proxy/grpcproxy/adapter
  - proxy/grpcproxy/cache
  - raft
  - raft/raftpb
  - rafthttp
  - snap
  - snap/snappb
  - store
  - version
  - wal
  - wal/walpb
- name: github.com/coreos/go-semver
  version: 8ab6407b697782a06568d4b7f1db25550ec2e4c6
  subpackages:
  - semver
- name: github.com/coreos/go-systemd
  version: 48702e0da86bd25e76cfef347e2adeb434a0d0a6
  subpackages:
  - daemon
  - journal
  - util
- name: github.com/coreos/pkg
  version: 97fdf19511ea361ae1c100dd393cc47f8dcfa1e1
  subpackages:
  - capnslog
- name: github.com/couchbase/vellum
  version: 51c732079c882f52f8e6af889d99ac2a1611d5e4
  repo: https://github.com/m3db/vellum
  subpackages:
  - regexp
  - utf8
- name: github.com/davecgh/go-spew
  version: 5215b55f46b2b919f50a1df0eaa5886afe4e3b3d
  subpackages:
  - spew
- name: github.com/dgrijalva/jwt-go
  version: d2709f9f1f31ebcda9651b03077758c1f3a0018c
- name: github.com/edsrzf/mmap-go
  version: 0bce6a6887123b67a60366d2c9fe2dfb74289d2e
- name: github.com/fsnotify/fsnotify
  version: c2828203cd70a50dcccfb2761f8b1f8ceef9a8e9
- name: github.com/ghodss/yaml
  version: 0ca9ea5df5451ffdf184b4428c902747c2c11cd7
- name: github.com/glycerine/go-unsnap-stream
  version: 9f0cb55181dd3a0a4c168d3dbc72d4aca4853126
- name: github.com/go-kit/kit
  version: 04dd4f741c6e76cc170a4d7913f4c625952e6f58
  subpackages:
  - log
  - log/level
- name: github.com/go-logfmt/logfmt
  version: 390ab7935ee28ec6b286364bba9b4dd6410cb3d5
- name: github.com/go-stack/stack
  version: 54be5f394ed2c3e19dac9134a40a95ba5a017f7b
- name: github.com/gogo/protobuf
  version: 636bf0302bc95575d69441b25a2603156ffdddf1
  subpackages:
  - gogoproto
  - jsonpb
  - proto
  - protoc-gen-gogo/descriptor
  - sortkeys
  - types
- name: github.com/golang/groupcache
  version: 02826c3e79038b59d737d3b1c0a1d937f71a4433
  subpackages:
  - lru
- name: github.com/golang/mock
  version: c34cdb4725f4c3844d095133c6e40e448b86589b
  subpackages:
  - gomock
- name: github.com/golang/protobuf
  version: aa810b61a9c79d51363740d207bb46cf8e620ed5
  subpackages:
  - jsonpb
  - proto
  - protoc-gen-go/descriptor
  - ptypes
  - ptypes/any
  - ptypes/duration
  - ptypes/struct
  - ptypes/timestamp
- name: github.com/golang/snappy
  version: 553a641470496b2327abcac10b36396bd98e45c9
- name: github.com/google/btree
  version: 925471ac9e2131377a91e1595defec898166fe49
- name: github.com/google/go-cmp
  version: 3af367b6b30c263d47e8895973edcca9a49cf029
  subpackages:
  - cmp
  - cmp/cmpopts
  - cmp/internal/diff
  - cmp/internal/function
  - cmp/internal/value
- name: github.com/google/uuid
  version: 9b3b1e0f5f99ae461456d768e7d301a7acdaa2d8
- name: github.com/gorilla/context
  version: 08b5f424b9271eedf6f9f0ce86cb9396ed337a42
- name: github.com/gorilla/mux
  version: e3702bed27f0d39777b0b37b664b6280e8ef8fbf
- name: github.com/grpc-ecosystem/go-grpc-prometheus
  version: 6b7015e65d366bf3f19b2b2a000a831940f0f7e0
- name: github.com/grpc-ecosystem/grpc-gateway
  version: 8cc3a55af3bcf171a1c23a90c4df9cf591706104
  subpackages:
  - runtime
  - runtime/internal
  - utilities
- name: github.com/hashicorp/hcl
  version: 7fa7fff964d035e8a162cce3a164b3ad02ad651b
  subpackages:
  - hcl/ast
  - hcl/parser
  - hcl/printer
  - hcl/scanner
  - hcl/strconv
  - hcl/token
  - json/parser
  - json/scanner
  - json/token
- name: github.com/inconshreveable/mousetrap
  version: 76626ae9c91c4f2a10f34cad8ce83ea42c93bb75
- name: github.com/jonboulle/clockwork
  version: 2eee05ed794112d45db504eb05aa693efd2b8b09
- name: github.com/kr/logfmt
  version: b84e30acd515aadc4b783ad4ff83aff3299bdfe0
- name: github.com/leanovate/gopter
  version: e2604588f4db2d2e5eb78ae75d615516f55873e3
  subpackages:
  - commands
  - gen
  - prop
- name: github.com/m3db/bitset
  version: 07973db6b78acb62ac207d0538055e874b49d90d
- name: github.com/m3db/bloom
  version: 47fe1193cdb900de7193d1f3d26ea9b2cbf6fb31
- name: github.com/m3db/fast-skiplist
  version: 5c9ed96601864793fad65da1f3e3f03e69ae8080
- name: github.com/m3db/m3x
  version: 4f657299af578e9aa28c557075c7307d4b756378
  vcs: git
  subpackages:
  - checked
  - clock
  - close
  - config
  - config/hostid
  - config/listenaddress
  - context
  - errors
  - ident
  - ident/testutil
  - instrument
  - log
  - net
  - pool
  - pprof
  - process
  - resource
  - retry
  - server
  - sync
  - tcp
  - test
  - time
  - watch
- name: github.com/m3db/prometheus_client_golang
  version: 8ae269d24972b8695572fa6b2e3718b5ea82d6b4
  subpackages:
  - prometheus
  - prometheus/promhttp
- name: github.com/m3db/prometheus_client_model
  version: 8b2299a4bf7d7fc10835527021716d4b4a6e8700
  subpackages:
  - go
- name: github.com/m3db/prometheus_common
  version: 25aaa3dff79bb48116615ebe1dea6a494b74ce77
  subpackages:
  - expfmt
  - internal/bitbucket.org/ww/goautoneg
  - model
- name: github.com/m3db/prometheus_procfs
  version: 1878d9fbb537119d24b21ca07effd591627cd160
- name: github.com/m3db/stackadler32
  version: bfebcd73ef6ffe0ee30489227f0330c39064b674
- name: github.com/m3db/stackmurmur3
  version: 744c0229c12ed0e4f8cb9d081a2692b3300bf705
- name: github.com/magiconair/properties
  version: b3b15ef068fd0b17ddf408a23669f20811d194d2
- name: github.com/matttproud/golang_protobuf_extensions
  version: c12348ce28de40eed0136aa2b644d0ee0650e56c
  subpackages:
  - pbutil
- name: github.com/mauricelam/genny
  version: eb2c5232c885956af3565a20ecf48555cab2b9bc
  subpackages:
  - generic
- name: github.com/MichaelTJones/pcg
  version: df440c6ed7ed8897ac98a408365e5e89c7becf1a
- name: github.com/mitchellh/mapstructure
  version: 53818660ed4955e899c0bcafa97299a388bd7c8e
- name: github.com/mschoch/smat
  version: 90eadee771aeab36e8bf796039b8c261bebebe4f
- name: github.com/nightlyone/lockfile
  version: 1d49c987357a327b5b03aa84cbddd582c328615d
- name: github.com/oklog/ulid
  version: 66bb6560562feca7045b23db1ae85b01260f87c5
- name: github.com/opentracing/opentracing-go
  version: 855519783f479520497c6b3445611b05fc42f009
  subpackages:
  - ext
- name: github.com/pborman/getopt
  version: ec82d864f599c39673eef89f91b93fa5576567a1
- name: github.com/pborman/uuid
  version: adf5a7427709b9deb95d29d3fa8a2bf9cfd388f1
- name: github.com/pelletier/go-buffruneio
  version: e2f66f8164ca709d4c21e815860afd2024e9b894
- name: github.com/pelletier/go-toml
  version: 3b00596b2e9ee541bbd72dc50cc0c60e2b46c69c
- name: github.com/philhofer/fwd
  version: bb6d471dc95d4fe11e432687f8b70ff496cf3136
- name: github.com/pilosa/pilosa
  version: a112b2d46af94e3ecfa74b8158381e3595b24e4b
  subpackages:
  - roaring
- name: github.com/pkg/errors
  version: 645ef00459ed84a119197bfb8d8205042c6df63d
- name: github.com/pkg/profile
  version: 5b67d428864e92711fcbd2f8629456121a56d91f
- name: github.com/pmezard/go-difflib
  version: d8ed2627bdf02c080bf22230dbb337003b7aba2d
  subpackages:
  - difflib
- name: github.com/prometheus/client_golang
  version: c5b7fccd204277076155f10851dad72b76a49317
  subpackages:
  - prometheus
- name: github.com/prometheus/client_model
  version: 6f3806018612930941127f2a7c6c453ba2c527d2
  subpackages:
  - go
- name: github.com/prometheus/common
  version: 9e0844febd9e2856f839c9cb974fbd676d1755a8
  subpackages:
  - expfmt
  - internal/bitbucket.org/ww/goautoneg
  - model
- name: github.com/prometheus/procfs
  version: a1dba9ce8baed984a2495b658c82687f8157b98f
  subpackages:
  - xfs
- name: github.com/prometheus/prometheus
  version: 998dfcbac689ae832ea64ca134fcb096f61a7f62
  subpackages:
  - pkg/labels
  - pkg/textparse
  - pkg/timestamp
  - pkg/value
  - promql
  - storage
  - storage/tsdb
  - util/stats
  - util/strutil
  - util/testutil
- name: github.com/prometheus/tsdb
  version: 16b2bf1b45ce3e3536c78ebec5116ea09a69786e
  subpackages:
  - chunkenc
  - chunks
  - fileutil
  - index
  - labels
- name: github.com/RoaringBitmap/roaring
  version: 3d677d3262197ee558b85029301eb69b8239f91a
- name: github.com/satori/go.uuid
  version: f58768cc1a7a7e77a3bd49e98cdd21419399b6a3
- name: github.com/sergi/go-diff
  version: feef008d51ad2b3778f85d387ccf91735543008d
  subpackages:
  - diffmatchpatch
- name: github.com/spaolacci/murmur3
  version: 9f5d223c60793748f04a9d5b4b4eacddfc1f755d
- name: github.com/spf13/afero
  version: 36f8810e2e3d7eeac4ac05b57f65690fbfba62a2
  subpackages:
  - mem
- name: github.com/spf13/cast
  version: ce135a4ebeee6cfe9a26c93ee0d37825f26113c7
- name: github.com/spf13/cobra
  version: 7c674d9e72017ed25f6d2b5e497a1368086b6a6f
  subpackages:
  - cobra
- name: github.com/spf13/jwalterweatherman
  version: fa7ca7e836cf3a8bb4ebf799f472c12d7e903d66
- name: github.com/spf13/pflag
  version: 4f9190456aed1c2113ca51ea9b89219747458dc1
- name: github.com/spf13/viper
  version: 2c12c60302a5a0e62ee102ca9bc996277c2f64f5
- name: github.com/stretchr/testify
  version: 6fe211e493929a8aac0469b93f28b1d0688a9a3a
  subpackages:
  - assert
  - require
  - suite
- name: github.com/tinylib/msgp
  version: 53e4ad1e134ee9b42a7add28ca77177ab17983b3
  subpackages:
  - msgp
- name: github.com/uber-go/atomic
  version: 1ea20fb1cbb1cc08cbd0d913a96dead89aa18289
- name: github.com/uber-go/tally
  version: ff17f3c43c065c3c2991f571e740eee43ea3a14a
  subpackages:
  - m3
  - m3/customtransports
  - m3/thrift
  - m3/thriftudp
  - multi
  - prometheus
- name: github.com/uber/tchannel-go
  version: 1fcf82ec86967eb43ba0baa9b964f8eb226d242e
  subpackages:
  - internal/argreader
  - relay
  - thrift
  - thrift/gen-go/meta
  - tnet
  - tos
  - trand
  - typed
- name: github.com/ugorji/go
  version: ded73eae5db7e7a0ef6f55aace87a2873c5d2b74
  subpackages:
  - codec
- name: github.com/willf/bitset
  version: e553b05586428962bf7058d1044519d87ca72d74
- name: github.com/xiang90/probing
  version: 07dd2e8dfe18522e9c447ba95f2fe95262f63bb2
- name: go.uber.org/atomic
  version: 1ea20fb1cbb1cc08cbd0d913a96dead89aa18289
- name: go.uber.org/multierr
  version: 3c4937480c32f4c13a875a1829af76c98ca3d40a
- name: go.uber.org/zap
  version: f85c78b1dd998214c5f2138155b320a4a43fbe36
  subpackages:
  - buffer
  - internal/bufferpool
  - internal/color
  - internal/exit
  - zapcore
- name: golang.org/x/crypto
  version: 9419663f5a44be8b34ca85f08abc5fe1be11f8a3
  subpackages:
  - bcrypt
  - blowfish
- name: golang.org/x/net
  version: ab5485076ff3407ad2d02db054635913f017b0ed
  repo: https://github.com/golang/net
  vcs: git
  subpackages:
  - bpf
  - context
  - http2
  - http2/hpack
  - idna
  - internal/iana
  - internal/socket
  - internal/timeseries
  - ipv4
  - ipv6
  - lex/httplex
  - trace
- name: golang.org/x/sync
  version: 450f422ab23cf9881c94e2db30cac0eb1b7cf80c
  subpackages:
  - errgroup
- name: golang.org/x/sys
  version: e48874b42435b4347fc52bdee0424a52abc974d7
  subpackages:
  - unix
- name: golang.org/x/text
  version: 4ee4af566555f5fbe026368b75596286a312663a
  subpackages:
  - secure/bidirule
  - transform
  - unicode/bidi
  - unicode/norm
- name: golang.org/x/time
  version: c06e80d9300e4443158a03817b8a8cb37d230320
  subpackages:
  - rate
- name: google.golang.org/appengine
  version: 2e4a801b39fc199db615bfca7d0b9f8cd9580599
  subpackages:
  - datastore
  - internal
  - internal/app_identity
  - internal/base
  - internal/datastore
  - internal/log
  - internal/modules
  - internal/remote_api
- name: google.golang.org/genproto
  version: 09f6ed296fc66555a25fe4ce95173148778dfa85
  subpackages:
  - googleapis/api/annotations
  - googleapis/rpc/status
- name: google.golang.org/grpc
  version: 5b3c4e850e90a4cf6a20ebd46c8b32a0a3afcb9e
  subpackages:
  - balancer
  - codes
  - connectivity
  - credentials
  - grpclb/grpc_lb_v1/messages
  - grpclog
  - health/grpc_health_v1
  - internal
  - keepalive
  - metadata
  - naming
  - peer
  - resolver
  - stats
  - status
  - tap
  - transport
- name: gopkg.in/alecthomas/kingpin.v2
  version: 947dcec5ba9c011838740e680966fd7087a71d0d
  repo: https://github.com/alecthomas/kingpin.git
  vcs: git
- name: gopkg.in/go-playground/validator.v9
  version: a021b2ec9a8a8bb970f3f15bc42617cb520e8a64
  repo: https://github.com/go-playground/validator.git
  vcs: git
- name: gopkg.in/validator.v2
  version: 3e4f037f12a1221a0864cf0dd2e81c452ab22448
  repo: https://github.com/go-validator/validator.git
  vcs: git
- name: gopkg.in/vmihailenco/msgpack.v2
  version: a1382b1ce0c749733b814157c245e02cc1f41076
  repo: https://github.com/vmihailenco/msgpack.git
  vcs: git
  subpackages:
  - codes
- name: gopkg.in/yaml.v2
  version: 5420a8b6744d3b0345ab293f6fcba19c978f1183
  repo: https://github.com/go-yaml/yaml.git
  vcs: git
testImports:
- name: github.com/facebookgo/clock
  version: 600d898af40aa09a7a93ecb9265d87b0504b6f03
- name: github.com/fortytw2/leaktest
  version: b433bbd6d743c1854040b39062a3916ed5f78fe8
