hash: aed309315307683029dd7c9ef44c1a9df117d7b059937423f0a6b6668866bfdb
updated: 2016-09-08T10:27:54.627415428-04:00
imports:
- name: github.com/apache/thrift
  version: 53dd39833a08ce33582e5ff31fa18bb4735d6731
  subpackages:
  - lib/go/thrift
- name: github.com/davecgh/go-spew
  version: 6d212800a42e8ab5c146b8ace3490ee17e5225f9
  subpackages:
  - spew
- name: github.com/facebookgo/clock
  version: 600d898af40aa09a7a93ecb9265d87b0504b6f03
- name: github.com/golang/mock
  version: bd3c8e81be01eef76d4b503f5e687d2d1354d2d9
  subpackages:
  - gomock
- name: github.com/golang/protobuf
  version: bf531ff1a004f24ee53329dfd5ce0b41bfdc17df
  subpackages:
  - proto
- name: github.com/m3db/m3cluster
  version: 6b455e628db9157a5e90e500a055e2395da437ef
  subpackages:
  - client
  - services
  - kv
  - shard
- name: github.com/m3db/m3x
  version: 061fa69eb3dfc2a4fb1202f018039875654a2434
  subpackages:
  - close
  - errors
  - log
  - retry
  - time
  - watch
- name: github.com/opentracing/opentracing-go
  version: ca4c9c0010bd9155b6d067b33865d849fe533628
  subpackages:
  - ext
- name: github.com/pmezard/go-difflib
  version: 792786c7400a136282c1664665ae0a8db921c6c2
  subpackages:
  - difflib
- name: github.com/spaolacci/murmur3
  version: 0d12bf811670bf6a1a63828dfbd003eded177fce
- name: github.com/stretchr/testify
  version: 6fe211e493929a8aac0469b93f28b1d0688a9a3a
  subpackages:
  - require
  - assert
- name: github.com/uber-go/atomic
  version: 0c9e689d64f004564b79d9a663634756df322902
- name: github.com/uber-go/tally
  version: 1f0f7171f312a8cff5f697fe5f4d45dbaec8c3ac
- name: github.com/uber/tchannel-go
  version: 1a0e35378f6f721bc07f6c4466bc9701ed70b506
  subpackages:
  - thrift
  - relay
  - tnet
  - trand
  - typed
  - thrift/gen-go/meta
- name: github.com/willf/bitset
  version: 2e6e8094ef4745224150c88c16191c7dceaad16f
- name: golang.org/x/net
  version: 9313baa13d9262e49d07b20ed57dceafcd7240cc
  subpackages:
  - context
devImports: []
