# This file is autogenerated, do not edit; changes may be undone by the next 'dep ensure'.


[[projects]]
  digest = "1:72fff13e105db55c6d4b1acb69216b88d9d3009433f43d7df3488f842b0b6929"
  name = "github.com/RoaringBitmap/roaring"
  packages = ["."]
  pruneopts = "UT"
  revision = "3d677d3262197ee558b85029301eb69b8239f91a"
  version = "v0.4.16"

[[projects]]
  digest = "1:d04ed52f8d59a4e906eba55eb2cbc9f8aea4db12161df64057443c7e0f0120d0"
  name = "github.com/apache/thrift"
  packages = ["lib/go/thrift"]
  pruneopts = "UT"
  revision = "c2fb1c4e8c931d22617bebb0bf388cb4d5e6fcff"
  source = "https://github.com/m3db/thrift"
  version = "0.9.3-pool-read-binary-2"

[[projects]]
  digest = "1:5bb36304653e73c2ced864d49c9f344e7141a7ceef852442edcea212094ebc3c"
  name = "github.com/beorn7/perks"
  packages = ["quantile"]
  pruneopts = "UT"
  revision = "4c0e84591b9aa9e6dcfdf3e020114cd81f89d5f9"

[[projects]]
  digest = "1:67b2a3a0c25ab8362819f93ff16f2f2f5c00abaf26f584641ce2482e676f28be"
  name = "github.com/cespare/xxhash"
  packages = ["."]
  pruneopts = "UT"
  revision = "48099fad606eafc26e3a569fad19ff510fff4df6"

[[projects]]
  digest = "1:8fc5e6641ac62af75675b92407b11584af050873badb43253fff6ad285e76faa"
  name = "github.com/cockroachdb/cmux"
  packages = ["."]
  pruneopts = "UT"
  revision = "112f0506e7743d64a6eb8fedbcff13d9979bbf92"

[[projects]]
  digest = "1:ecaf30901a47006de59be108d8430217bfadb27a05270458691cca1db2652c55"
  name = "github.com/coreos/bbolt"
  packages = ["."]
  pruneopts = "UT"
  revision = "32c383e75ce054674c53b5a07e55de85332aee14"
  version = "v1.3.1-coreos.5"

[[projects]]
  digest = "1:4ebc1a11a50d032eecb70038c27592dff9bc2189f9049c02b7d38f3c39cc01c1"
  name = "github.com/coreos/etcd"
  packages = [
    "alarm",
    "auth",
    "auth/authpb",
    "client",
    "clientv3",
    "clientv3/concurrency",
    "compactor",
    "discovery",
    "embed",
    "error",
    "etcdserver",
    "etcdserver/api",
    "etcdserver/api/etcdhttp",
    "etcdserver/api/v2http",
    "etcdserver/api/v2http/httptypes",
    "etcdserver/api/v3client",
    "etcdserver/api/v3election",
    "etcdserver/api/v3election/v3electionpb",
    "etcdserver/api/v3election/v3electionpb/gw",
    "etcdserver/api/v3lock",
    "etcdserver/api/v3lock/v3lockpb",
    "etcdserver/api/v3lock/v3lockpb/gw",
    "etcdserver/api/v3rpc",
    "etcdserver/api/v3rpc/rpctypes",
    "etcdserver/auth",
    "etcdserver/etcdserverpb",
    "etcdserver/etcdserverpb/gw",
    "etcdserver/membership",
    "etcdserver/stats",
    "lease",
    "lease/leasehttp",
    "lease/leasepb",
    "mvcc",
    "mvcc/backend",
    "mvcc/mvccpb",
    "pkg/adt",
    "pkg/contention",
    "pkg/cors",
    "pkg/cpuutil",
    "pkg/crc",
    "pkg/debugutil",
    "pkg/fileutil",
    "pkg/httputil",
    "pkg/idutil",
    "pkg/ioutil",
    "pkg/logutil",
    "pkg/monotime",
    "pkg/netutil",
    "pkg/pathutil",
    "pkg/pbutil",
    "pkg/runtime",
    "pkg/schedule",
    "pkg/srv",
    "pkg/tlsutil",
    "pkg/transport",
    "pkg/types",
    "pkg/wait",
    "proxy/grpcproxy/adapter",
    "raft",
    "raft/raftpb",
    "rafthttp",
    "snap",
    "snap/snappb",
    "store",
    "version",
    "wal",
    "wal/walpb",
  ]
  pruneopts = "UT"
  revision = "694728c496e22dfa5719c78ff23cc982e15bcb2f"
  version = "v3.2.10"

[[projects]]
  digest = "1:c298fe11665f7157328f2978bc60f761ffcc706b94bf077e661a59fe29b291a0"
  name = "github.com/coreos/go-semver"
  packages = ["semver"]
  pruneopts = "UT"
  revision = "568e959cd89871e61434c1143528d9162da89ef2"

[[projects]]
  digest = "1:180c854757df397733738318ce36c4587f87b5f7da41d5ff2f47df88c2b67e60"
  name = "github.com/coreos/go-systemd"
  packages = ["journal"]
  pruneopts = "UT"
  revision = "48702e0da86bd25e76cfef347e2adeb434a0d0a6"
  version = "v14"

[[projects]]
  digest = "1:39ff4d4d6baca1ac63c6a03404b761d664be14a71bb5a4aca8fef643d0f66fef"
  name = "github.com/coreos/pkg"
  packages = ["capnslog"]
  pruneopts = "UT"
  revision = "97fdf19511ea361ae1c100dd393cc47f8dcfa1e1"
  version = "v4"

[[projects]]
  digest = "1:42fd6c20b70bd4c929a2216c795fb9ef80ee94965ca8a55891e6712485eafafe"
  name = "github.com/couchbase/vellum"
  packages = [
    ".",
    "regexp",
    "utf8",
  ]
  pruneopts = "UT"
  revision = "51c732079c882f52f8e6af889d99ac2a1611d5e4"
  source = "https://github.com/m3db/vellum"

[[projects]]
  digest = "1:620bade21ddf8256869717861431d52650c7e40bc56bdcd3d5ec3da63e7573b0"
  name = "github.com/davecgh/go-spew"
  packages = ["spew"]
  pruneopts = "UT"
  revision = "5215b55f46b2b919f50a1df0eaa5886afe4e3b3d"

[[projects]]
  digest = "1:d912bf9afc98bbb6539ea99c9ac3e83119853310dd1a3aec1583d76f340ece27"
  name = "github.com/dgrijalva/jwt-go"
  packages = ["."]
  pruneopts = "UT"
  revision = "d2709f9f1f31ebcda9651b03077758c1f3a0018c"
  version = "v3.0.0"

[[projects]]
  branch = "master"
  digest = "1:67d0b50be0549e610017cb91e0b0b745ec0cad7c613bc8e18ff2d1c1fc8825a7"
  name = "github.com/edsrzf/mmap-go"
  packages = ["."]
  pruneopts = "UT"
  revision = "0bce6a6887123b67a60366d2c9fe2dfb74289d2e"

[[projects]]
  digest = "1:5fe3f6ede1c208a2efd3b78fe4df0306aa9624edd39476143d14f0326e5a8d29"
  name = "github.com/facebookgo/clock"
  packages = ["."]
  pruneopts = "UT"
  revision = "600d898af40aa09a7a93ecb9265d87b0504b6f03"

[[projects]]
  digest = "1:4e245f15ce4808ee135a7f92383e3c563a6c94577bb35da759bca26b3a238d6c"
  name = "github.com/fortytw2/leaktest"
  packages = ["."]
  pruneopts = "UT"
  revision = "b433bbd6d743c1854040b39062a3916ed5f78fe8"

[[projects]]
  digest = "1:abeb38ade3f32a92943e5be54f55ed6d6e3b6602761d74b4aab4c9dd45c18abd"
  name = "github.com/fsnotify/fsnotify"
  packages = ["."]
  pruneopts = "UT"
  revision = "c2828203cd70a50dcccfb2761f8b1f8ceef9a8e9"
  version = "v1.4.7"

[[projects]]
  digest = "1:c45cef8e0074ea2f8176a051df38553ba997a3616f1ec2d35222b1cf9864881e"
  name = "github.com/ghodss/yaml"
  packages = ["."]
  pruneopts = "UT"
  revision = "73d445a93680fa1a78ae23a5839bad48f32ba1ee"

[[projects]]
  branch = "master"
  digest = "1:981722e5ee549ef844285c2b370c19e58b7dc30bc19ba3537f3df284b551b54a"
  name = "github.com/glycerine/go-unsnap-stream"
  packages = ["."]
  pruneopts = "UT"
  revision = "9f0cb55181dd3a0a4c168d3dbc72d4aca4853126"

[[projects]]
  digest = "1:45aa5a96e62359104cfc9b453ef3df5adde277ff9f14528170d6b2a871adb845"
  name = "github.com/go-kit/kit"
  packages = [
    "log",
    "log/level",
  ]
  pruneopts = "UT"
  revision = "9bf23341289dc5ecc1c4bb9dbad72265fbdfdd94"

[[projects]]
  branch = "develop"
  digest = "1:bf574be89dd4c2048a48ef21c78518c2bb0b3cc92eb74bc1d903a08865b8935c"
  name = "github.com/go-logfmt/logfmt"
  packages = ["."]
  pruneopts = "UT"
  revision = "c2152ce9154221b192a66372715a5330c67dbce3"

[[projects]]
  digest = "1:be97a7b83aa1637986b9e1a44ccf6d972d8e0c0b483846cfab880bb8f292bd86"
  name = "github.com/go-playground/locales"
  packages = [
    ".",
    "currency",
  ]
  pruneopts = "UT"
  revision = "1e5f1161c6416a5ff48840eb8724a394e48cc534"

[[projects]]
  branch = "master"
  digest = "1:eb758dc813fc3fdf7194c82883b734a8419b1cd6eee3e184d3f6777e248ef9ce"
  name = "github.com/go-playground/universal-translator"
  packages = ["."]
  pruneopts = "UT"
  revision = "71201497bace774495daed26a3874fd339e0b538"

[[projects]]
  digest = "1:c4a2528ccbcabf90f9f3c464a5fc9e302d592861bbfd0b7135a7de8a943d0406"
  name = "github.com/go-stack/stack"
  packages = ["."]
  pruneopts = "UT"
  revision = "259ab82a6cad3992b4e21ff5cac294ccb06474bc"
  version = "v1.7.0"

[[projects]]
  digest = "1:ebd687f3fbb50d9935c902c1c87d5a249f9e5bb3c830440cc9c67fba3ef2941b"
  name = "github.com/gogo/protobuf"
  packages = [
    "gogoproto",
    "jsonpb",
    "proto",
    "protoc-gen-gogo/descriptor",
    "sortkeys",
    "types",
  ]
  pruneopts = "UT"
  revision = "100ba4e885062801d56799d78530b73b178a78f3"
  version = "v0.4"

[[projects]]
  digest = "1:7ded16107bddae6f7ad4bf105887304d35b13db44882bf516cb2d1854adb3fe2"
  name = "github.com/golang/mock"
  packages = [
    "gomock",
    "mockgen",
    "mockgen/model",
  ]
  pruneopts = "UT"
  revision = "c34cdb4725f4c3844d095133c6e40e448b86589b"
  version = "v1.1.1"

[[projects]]
  digest = "1:fa5e9e1af8a8645086811ec5ab003806026babc57c8bb3a6f7e1ab34b80e2ff1"
  name = "github.com/golang/protobuf"
  packages = [
    "jsonpb",
    "proto",
    "protoc-gen-go/descriptor",
    "ptypes",
    "ptypes/any",
    "ptypes/duration",
    "ptypes/struct",
    "ptypes/timestamp",
  ]
  pruneopts = "UT"
  revision = "aa810b61a9c79d51363740d207bb46cf8e620ed5"
  version = "v1.2.0"

[[projects]]
  digest = "1:29a5ab9fa9e845fd8e8726f31b187d710afd271ef1eb32085fe3d604b7e06382"
  name = "github.com/golang/snappy"
  packages = ["."]
  pruneopts = "UT"
  revision = "553a641470496b2327abcac10b36396bd98e45c9"

[[projects]]
  digest = "1:6a35e12c3f4c9446739ac94679b33a8953f352fe0aaeeb170905c976c1c4b01c"
  name = "github.com/google/btree"
  packages = ["."]
  pruneopts = "UT"
  revision = "925471ac9e2131377a91e1595defec898166fe49"

[[projects]]
  digest = "1:2e3c336fc7fde5c984d2841455a658a6d626450b1754a854b3b32e7a8f49a07a"
  name = "github.com/google/go-cmp"
  packages = [
    "cmp",
    "cmp/internal/diff",
    "cmp/internal/function",
    "cmp/internal/value",
  ]
  pruneopts = "UT"
  revision = "3af367b6b30c263d47e8895973edcca9a49cf029"
  version = "v0.2.0"

[[projects]]
  digest = "1:c79fb010be38a59d657c48c6ba1d003a8aa651fa56b579d959d74573b7dff8e1"
  name = "github.com/gorilla/context"
  packages = ["."]
  pruneopts = "UT"
  revision = "08b5f424b9271eedf6f9f0ce86cb9396ed337a42"
  version = "v1.1.1"

[[projects]]
  digest = "1:e73f5b0152105f18bc131fba127d9949305c8693f8a762588a82a48f61756f5f"
  name = "github.com/gorilla/mux"
  packages = ["."]
  pruneopts = "UT"
  revision = "e3702bed27f0d39777b0b37b664b6280e8ef8fbf"
  version = "v1.6.2"

[[projects]]
  digest = "1:18d7ca9d0ea92fbf087e15cfd90b2c3fb391e9a46181fd421f99c48c8885bab7"
  name = "github.com/grpc-ecosystem/go-grpc-prometheus"
  packages = ["."]
  pruneopts = "UT"
  revision = "6b7015e65d366bf3f19b2b2a000a831940f0f7e0"
  version = "v1.1"

[[projects]]
  digest = "1:81e4a1fb1a9bbcdc5916537b084b6d8410f737ff7f375693d0d6d1942b580e43"
  name = "github.com/grpc-ecosystem/grpc-gateway"
  packages = [
    "runtime",
    "runtime/internal",
    "utilities",
  ]
  pruneopts = "UT"
  revision = "8cc3a55af3bcf171a1c23a90c4df9cf591706104"
  version = "v1.3.0"

[[projects]]
  digest = "1:a361611b8c8c75a1091f00027767f7779b29cb37c456a71b8f2604c88057ab40"
  name = "github.com/hashicorp/hcl"
  packages = [
    ".",
    "hcl/ast",
    "hcl/parser",
    "hcl/printer",
    "hcl/scanner",
    "hcl/strconv",
    "hcl/token",
    "json/parser",
    "json/scanner",
    "json/token",
  ]
  pruneopts = "UT"
  revision = "ef8a98b0bbce4a65b5aa4c368430a80ddc533168"

[[projects]]
  digest = "1:870d441fe217b8e689d7949fef6e43efbc787e50f200cb1e70dbca9204a1d6be"
  name = "github.com/inconshreveable/mousetrap"
  packages = ["."]
  pruneopts = "UT"
  revision = "76626ae9c91c4f2a10f34cad8ce83ea42c93bb75"
  version = "v1.0"

[[projects]]
  digest = "1:75ab90ae3f5d876167e60f493beadfe66f0ed861a710f283fb06c86437a09538"
  name = "github.com/jonboulle/clockwork"
  packages = ["."]
  pruneopts = "UT"
  revision = "2eee05ed794112d45db504eb05aa693efd2b8b09"
  version = "v0.1.0"

[[projects]]
  branch = "master"
  digest = "1:a64e323dc06b73892e5bb5d040ced475c4645d456038333883f58934abbf6f72"
  name = "github.com/kr/logfmt"
  packages = ["."]
  pruneopts = "UT"
  revision = "b84e30acd515aadc4b783ad4ff83aff3299bdfe0"

[[projects]]
  digest = "1:f4e08be288a852822ac2848db210fc37b4aa679f2b246cc12b38f5805ad39eaf"
  name = "github.com/leanovate/gopter"
  packages = [
    ".",
    "commands",
    "gen",
    "prop",
  ]
  pruneopts = "UT"
  revision = "f0356731348c8fffa27bab27c37ec8be5b0662c8"

[[projects]]
  digest = "1:9818a8747aaa94e67a3577c5b86521b717da42016d5c11a81ea55b368d4d462f"
  name = "github.com/m3db/bitset"
  packages = ["."]
  pruneopts = "UT"
  revision = "07973db6b78acb62ac207d0538055e874b49d90d"
  version = "v2.0.0"

[[projects]]
  digest = "1:e3a10c7b02ceab64b44b8e8fd4dbd8bf8e00cdff3853c3c0d5eea7aaa8606d03"
  name = "github.com/m3db/bloom"
  packages = ["."]
  pruneopts = "UT"
  revision = "47fe1193cdb900de7193d1f3d26ea9b2cbf6fb31"
  version = "v3.0.0"

[[projects]]
  digest = "1:ae38afee6297ca9fc072fb3f80187d6547ff9babc232c6290b68f0f2f5a97f47"
  name = "github.com/m3db/m3aggregator"
  packages = [
    "aggregation",
    "aggregation/quantile/cm",
    "aggregator",
    "aggregator/handler",
    "aggregator/handler/common",
    "aggregator/handler/filter",
    "aggregator/handler/router",
    "aggregator/handler/router/trafficcontrol",
    "aggregator/handler/writer",
    "bitset",
    "client",
    "generated/proto/flush",
    "hash",
    "rate",
    "runtime",
    "sharding",
  ]
  pruneopts = "UT"
  revision = "6f59918fe3791a3df0dc146ea492593925809c3e"

[[projects]]
  digest = "1:d2ccb434a8cc3a58a1db63bd800dca9ae7a2462ed6452798dc702fa37f2bda75"
  name = "github.com/m3db/m3cluster"
  packages = [
    "client",
    "client/etcd",
    "etcd/watchmanager",
    "generated/proto/commonpb",
    "generated/proto/metadatapb",
    "generated/proto/placementpb",
    "integration/etcd",
    "kv",
    "kv/etcd",
    "kv/mem",
    "kv/util",
    "kv/util/runtime",
    "placement",
    "placement/algo",
    "placement/selector",
    "placement/service",
    "placement/storage",
    "services",
    "services/heartbeat/etcd",
    "services/leader",
    "services/leader/campaign",
    "services/leader/election",
    "shard",
  ]
  pruneopts = "UT"
  revision = "313c27d715da9c0993bdc640b758d93d1392438a"

[[projects]]
  digest = "1:398c4da5687401d2b055293d294d0a90f4d667d2769dbfa38326302189ba73ae"
  name = "github.com/m3db/m3ctl"
  packages = [
    "auth",
    "service",
    "service/r2",
    "service/r2/store",
    "service/r2/store/kv",
  ]
  pruneopts = "UT"
  revision = "acc762bfdd42ecb192d34e48fa7ca1fd7ee088ac"

[[projects]]
  digest = "1:68963f2c41d4d38556b46ae9f9e8eb50e3d5c4caec1b4fb6f332af0b0cffe331"
  name = "github.com/m3db/m3em"
  packages = [
    "build",
    "checksum",
    "cluster",
    "generated/proto/heartbeat",
    "generated/proto/m3em",
    "node",
    "node/mocks",
    "os/fs",
    "x/grpc",
  ]
  pruneopts = "UT"
  revision = "ed532baee45a440f0b08b6893c816634c6978d4d"

[[projects]]
  digest = "1:29ed03f09c345a2461305d3755632016e9032762f44c8b2abf8cb4c0a64f786d"
  name = "github.com/m3db/m3metrics"
  packages = [
    "aggregation",
    "encoding",
    "encoding/msgpack",
    "encoding/protobuf",
    "errors",
    "filters",
    "generated/proto/aggregationpb",
    "generated/proto/metricpb",
    "generated/proto/pipelinepb",
    "generated/proto/policypb",
    "generated/proto/rulepb",
    "generated/proto/transformationpb",
    "matcher",
    "matcher/cache",
    "metadata",
    "metric",
    "metric/aggregated",
    "metric/id",
    "metric/id/m3",
    "metric/unaggregated",
    "pipeline",
    "pipeline/applied",
    "policy",
    "rules",
    "rules/store/kv",
    "rules/view",
    "rules/view/changes",
    "transformation",
    "x/bytes",
  ]
  pruneopts = "UT"
  revision = "b400256bc6da4c10bad5a5f0a11e91bfa095e2e6"

[[projects]]
  digest = "1:4646c64a6cee2f790f42ed07e042c630158f9566f6f26e103a0283f59c206730"
  name = "github.com/m3db/m3msg"
  packages = [
    "generated/proto/msgpb",
    "generated/proto/topicpb",
    "producer",
    "producer/buffer",
    "producer/config",
    "producer/writer",
    "protocol/proto",
    "topic",
  ]
  pruneopts = "UT"
  revision = "4680d9b45286826f87b134a4559b11d795786eaf"

[[projects]]
  digest = "1:d290eec20ecb466a95a7426826b2c5bfdf6d1510a0f741d6c4439e59b2baf3a7"
  name = "github.com/m3db/m3x"
  packages = [
    "checked",
    "clock",
    "close",
    "config",
    "config/hostid",
    "config/listenaddress",
    "context",
    "errors",
    "ident",
    "ident/testutil",
    "instrument",
    "log",
    "pool",
    "process",
    "resource",
    "retry",
    "sync",
    "tcp",
    "test",
    "time",
    "watch",
  ]
  pruneopts = "UT"
  revision = "76a586220279667a81eaaec4150de182f4d5077c"

[[projects]]
  branch = "v0.8.0-rewritten-import-path"
  digest = "1:b8c7482d3a298ea2a4fc2cec50d04770180f2e5799170578c40500ae01f103e0"
  name = "github.com/m3db/prometheus_client_golang"
  packages = [
    "prometheus",
    "prometheus/promhttp",
  ]
  pruneopts = "UT"
  revision = "8ae269d24972b8695572fa6b2e3718b5ea82d6b4"

[[projects]]
  branch = "v0.8.0-rewrite-import"
  digest = "1:bf88ef021be393ba7aa39bc7073014151d48054bcf90dd9ec171f95333f76901"
  name = "github.com/m3db/prometheus_client_model"
  packages = ["go"]
  pruneopts = "UT"
  revision = "8b2299a4bf7d7fc10835527021716d4b4a6e8700"

[[projects]]
  branch = "v0.8.0-rewrite-import"
  digest = "1:24ced46061b962b76baf7c5f1f6067fff8051898ec8cc516cd3ca01008fb7184"
  name = "github.com/m3db/prometheus_common"
  packages = [
    "expfmt",
    "internal/bitbucket.org/ww/goautoneg",
    "model",
  ]
  pruneopts = "UT"
  revision = "25aaa3dff79bb48116615ebe1dea6a494b74ce77"

[[projects]]
  branch = "v0.8.0-rewrite-import"
  digest = "1:195a65e93248ff74ff5959b2c9d8a19f47b6506284a7c826692b1352e9ad9f92"
  name = "github.com/m3db/prometheus_procfs"
  packages = ["."]
  pruneopts = "UT"
  revision = "1878d9fbb537119d24b21ca07effd591627cd160"

[[projects]]
  digest = "1:d400ff91d181e7ba0587d99fc8d169d6f589b2471672b4c54f17fccb37c3d4e6"
  name = "github.com/m3db/stackadler32"
  packages = ["."]
  pruneopts = "UT"
  revision = "bfebcd73ef6ffe0ee30489227f0330c39064b674"

[[projects]]
  branch = "master"
  digest = "1:15e978121f935c070aa2800fac9f510fe3d02b1ac7c80053c3c226893344c891"
  name = "github.com/m3db/stackmurmur3"
  packages = ["."]
  pruneopts = "UT"
  revision = "744c0229c12ed0e4f8cb9d081a2692b3300bf705"

[[projects]]
  digest = "1:c568d7727aa262c32bdf8a3f7db83614f7af0ed661474b24588de635c20024c7"
  name = "github.com/magiconair/properties"
  packages = ["."]
  pruneopts = "UT"
  revision = "c2353362d570a7bfa228149c62842019201cfb71"
  version = "v1.8.0"

[[projects]]
  digest = "1:ff5ebae34cfbf047d505ee150de27e60570e8c394b3b8fdbb720ff6ac71985fc"
  name = "github.com/matttproud/golang_protobuf_extensions"
  packages = ["pbutil"]
  pruneopts = "UT"
  revision = "c12348ce28de40eed0136aa2b644d0ee0650e56c"
  version = "v1.0.1"

[[projects]]
  digest = "1:ea20e3ac44f752806612ec7269a6eede1ec6dde20aeb88a2731f2057fbb12661"
  name = "github.com/mauricelam/genny"
  packages = ["generic"]
  pruneopts = "UT"
  revision = "11e1a0b9d8936dda6aa9b8f4bfeae2a6715ea858"

[[projects]]
  digest = "1:5ab79470a1d0fb19b041a624415612f8236b3c06070161a910562f2b2d064355"
  name = "github.com/mitchellh/mapstructure"
  packages = ["."]
  pruneopts = "UT"
  revision = "f15292f7a699fcc1a38a80977f80a046874ba8ac"

[[projects]]
  branch = "master"
  digest = "1:c22fdadfe2de0e1df75987cac34f1c721157dc24f180c76b4ef66a3c9637a799"
  name = "github.com/mschoch/smat"
  packages = ["."]
  pruneopts = "UT"
  revision = "90eadee771aeab36e8bf796039b8c261bebebe4f"

[[projects]]
  branch = "master"
  digest = "1:6491080aa184f88c2bb8e2f6056e5e0e9a578b2d8666efbd6e97bc37a0c41e72"
  name = "github.com/nightlyone/lockfile"
  packages = ["."]
  pruneopts = "UT"
  revision = "0ad87eef1443f64d3d8c50da647e2b1552851124"

[[projects]]
  branch = "master"
  digest = "1:0e1e5f960c58fdc677212fcc70e55042a0084d367623e51afbdb568963832f5d"
  name = "github.com/nu7hatch/gouuid"
  packages = ["."]
  pruneopts = "UT"
  revision = "179d4d0c4d8d407a32af483c2354df1d2c91e6c3"

[[projects]]
  digest = "1:a57b2f2dcb26445535168452becc10ceafeae917d916ab3bb1d7b5ab99b51f6c"
  name = "github.com/oklog/ulid"
  packages = ["."]
  pruneopts = "UT"
  revision = "3928b679b154aad7ea1db5352e4277e4e448b324"
  version = "v1.1.0"

[[projects]]
  digest = "1:d9460c1e8036fe3a6e80e7954eb4934a31466871ffe99c3cd2c1d02c73da259f"
  name = "github.com/opentracing/opentracing-go"
  packages = [
    ".",
    "ext",
  ]
  pruneopts = "UT"
  revision = "855519783f479520497c6b3445611b05fc42f009"

[[projects]]
  digest = "1:b4126b7169eec497a94a0748604683291af0ab202e0b5e1043c090df3aad67e6"
  name = "github.com/pborman/getopt"
  packages = ["."]
  pruneopts = "UT"
  revision = "ec82d864f599c39673eef89f91b93fa5576567a1"

[[projects]]
  digest = "1:361de06aa7ae272616cbe71c3994a654cc6316324e30998e650f7765b20c5b33"
  name = "github.com/pborman/uuid"
  packages = ["."]
  pruneopts = "UT"
  revision = "e790cca94e6cc75c7064b1332e63811d4aae1a53"
  version = "v1.1"

[[projects]]
  digest = "1:1b01b2c3e5ecd2cd9ac378acbd02fc509a4350d1a125d6b04cc9e7ee77ca5dde"
  name = "github.com/pelletier/go-toml"
  packages = ["."]
  pruneopts = "UT"
  revision = "c2dbbc24a97911339e01bda0b8cabdbd8f13b602"

[[projects]]
  branch = "master"
  digest = "1:3bf17a6e6eaa6ad24152148a631d18662f7212e21637c2699bff3369b7f00fa2"
  name = "github.com/petar/GoLLRB"
  packages = ["llrb"]
  pruneopts = "UT"
  revision = "53be0d36a84c2a886ca057d34b6aa4468df9ccb4"

[[projects]]
  digest = "1:5e73b34a27d827212102605789de00bd411b2e434812133c83935fe9897c75e1"
  name = "github.com/philhofer/fwd"
  packages = ["."]
  pruneopts = "UT"
  revision = "bb6d471dc95d4fe11e432687f8b70ff496cf3136"
  version = "v1.0.0"

[[projects]]
  digest = "1:4dd569dbef6c084a42371547c0d98fd89985d3bfcc71f159337d95f56127cc51"
  name = "github.com/pilosa/pilosa"
  packages = ["roaring"]
  pruneopts = "UT"
  revision = "a112b2d46af94e3ecfa74b8158381e3595b24e4b"
  version = "v0.10.1"

[[projects]]
  digest = "1:3891cc78541df6e4596b3e73978eb062d32967084069270ec881b959be5155ae"
  name = "github.com/pkg/errors"
  packages = ["."]
  pruneopts = "UT"
  revision = "816c9085562cd7ee03e7f8188a1cfd942858cded"

[[projects]]
  digest = "1:cfa0d7741863a0e1d30e0ccdd4b48a96a471cdb47892303de8b92c3713af3e77"
  name = "github.com/pkg/profile"
  packages = ["."]
  pruneopts = "UT"
  revision = "5b67d428864e92711fcbd2f8629456121a56d91f"
  version = "v1.2.1"

[[projects]]
  digest = "1:08413c4235cad94a96c39e1e2f697789733c4a87d1fdf06b412d2cf2ba49826a"
  name = "github.com/pmezard/go-difflib"
  packages = ["difflib"]
  pruneopts = "UT"
  revision = "d8ed2627bdf02c080bf22230dbb337003b7aba2d"

[[projects]]
  digest = "1:b6221ec0f8903b556e127c449e7106b63e6867170c2d10a7c058623d086f2081"
  name = "github.com/prometheus/client_golang"
  packages = ["prometheus"]
  pruneopts = "UT"
  revision = "c5b7fccd204277076155f10851dad72b76a49317"
  version = "v0.8.0"

[[projects]]
  digest = "1:9fe8945a11a9f588a9d306b4741cad634da9015a704271b9506810e2cc77fa17"
  name = "github.com/prometheus/client_model"
  packages = ["go"]
  pruneopts = "UT"
  revision = "fa8ad6fec33561be4280a8f0514318c79d7f6cb6"

[[projects]]
  digest = "1:0d5f8e2195ad2beef202367f3217c4a7981582d96ccf4876b9aa2c5c9c9b3510"
  name = "github.com/prometheus/common"
  packages = [
    "expfmt",
    "internal/bitbucket.org/ww/goautoneg",
    "model",
  ]
  pruneopts = "UT"
  revision = "9e0844febd9e2856f839c9cb974fbd676d1755a8"

[[projects]]
  digest = "1:73bb422d231d18bcdbb7d0f11da82f032af798f9197107f7cf64cdde1ce8eec4"
  name = "github.com/prometheus/procfs"
  packages = [
    ".",
    "xfs",
  ]
  pruneopts = "UT"
  revision = "a1dba9ce8baed984a2495b658c82687f8157b98f"

[[projects]]
  digest = "1:88bf532037f06ef484e2bac484cdfc0d1b227791e05c3ec30b8a0590db788cfc"
  name = "github.com/prometheus/prometheus"
  packages = [
    "pkg/labels",
    "pkg/textparse",
    "pkg/timestamp",
    "pkg/value",
    "promql",
    "storage",
    "storage/tsdb",
    "util/stats",
    "util/strutil",
    "util/testutil",
  ]
  pruneopts = "UT"
  revision = "998dfcbac689ae832ea64ca134fcb096f61a7f62"

[[projects]]
  digest = "1:cc82008f610e8d35aae8c2a11f0769cfb6cac10ce6c4e304e865f6b5932ce7a2"
  name = "github.com/prometheus/tsdb"
  packages = [
    ".",
    "chunkenc",
    "chunks",
    "fileutil",
    "index",
    "labels",
  ]
  pruneopts = "UT"
  revision = "16b2bf1b45ce3e3536c78ebec5116ea09a69786e"

[[projects]]
  digest = "1:274f67cb6fed9588ea2521ecdac05a6d62a8c51c074c1fccc6a49a40ba80e925"
  name = "github.com/satori/go.uuid"
  packages = ["."]
  pruneopts = "UT"
  revision = "f58768cc1a7a7e77a3bd49e98cdd21419399b6a3"
  version = "v1.2.0"

[[projects]]
  digest = "1:11847ffa6c699272c5eec9a987a6a50e81fcab8e9379857a1c6998150bad7d72"
  name = "github.com/sergi/go-diff"
  packages = ["diffmatchpatch"]
  pruneopts = "UT"
  revision = "feef008d51ad2b3778f85d387ccf91735543008d"

[[projects]]
  digest = "1:919bb3aa6d9d0b67648c219fa4925312bc3c2872da19e818fa769e9c97a2b643"
  name = "github.com/spaolacci/murmur3"
  packages = ["."]
  pruneopts = "UT"
  revision = "9f5d223c60793748f04a9d5b4b4eacddfc1f755d"
  version = "v1.1"

[[projects]]
  digest = "1:bd1ae00087d17c5a748660b8e89e1043e1e5479d0fea743352cda2f8dd8c4f84"
  name = "github.com/spf13/afero"
  packages = [
    ".",
    "mem",
  ]
  pruneopts = "UT"
  revision = "787d034dfe70e44075ccc060d346146ef53270ad"
  version = "v1.1.1"

[[projects]]
  digest = "1:516e71bed754268937f57d4ecb190e01958452336fa73dbac880894164e91c1f"
  name = "github.com/spf13/cast"
  packages = ["."]
  pruneopts = "UT"
  revision = "8965335b8c7107321228e3e3702cab9832751bac"
  version = "v1.2.0"

[[projects]]
  digest = "1:d380f98077d2c3b15e50d20ef485811f42d04cbb26b3859c985c81a0df5615c4"
  name = "github.com/spf13/cobra"
  packages = ["."]
  pruneopts = "UT"
  revision = "7c674d9e72017ed25f6d2b5e497a1368086b6a6f"

[[projects]]
  digest = "1:8a020f916b23ff574845789daee6818daf8d25a4852419aae3f0b12378ba432a"
  name = "github.com/spf13/jwalterweatherman"
  packages = ["."]
  pruneopts = "UT"
  revision = "14d3d4c518341bea657dd8a226f5121c0ff8c9f2"

[[projects]]
  digest = "1:0faf0f4bd52449d6e323317ddeb8e66c0be7ee8faac5ec3bd9b5ed4d478778a9"
  name = "github.com/spf13/pflag"
  packages = ["."]
  pruneopts = "UT"
  revision = "4f9190456aed1c2113ca51ea9b89219747458dc1"

[[projects]]
  digest = "1:4fc8a61287ccfb4286e1ca5ad2ce3b0b301d746053bf44ac38cf34e40ae10372"
  name = "github.com/spf13/viper"
  packages = ["."]
  pruneopts = "UT"
  revision = "907c19d40d9a6c9bb55f040ff4ae45271a4754b9"
  version = "v1.1.0"

[[projects]]
  digest = "1:f9fe0c7f9dc4786f1ea44430bae9dd8b45767774afdcb9a6d212167dcb1de56d"
  name = "github.com/stretchr/testify"
  packages = [
    "assert",
    "require",
    "suite",
  ]
  pruneopts = "UT"
  revision = "6fe211e493929a8aac0469b93f28b1d0688a9a3a"

[[projects]]
  digest = "1:3cb6dfe7cdece5716b1c3c3c0b5faf7fce2e83e2758e2baad2e9986d101980b8"
  name = "github.com/tinylib/msgp"
  packages = ["msgp"]
  pruneopts = "UT"
  revision = "53e4ad1e134ee9b42a7add28ca77177ab17983b3"

[[projects]]
  digest = "1:3c1a69cdae3501bf75e76d0d86dc6f2b0a7421bc205c0cb7b96b19eed464a34d"
  name = "github.com/uber-go/atomic"
  packages = ["."]
  pruneopts = "UT"
  revision = "1ea20fb1cbb1cc08cbd0d913a96dead89aa18289"
  version = "v1.3.2"

[[projects]]
  digest = "1:fa5a98ad6c10f8fd7bbbbe828f4822eb371940a84510ff77b970c4c4fd6c3a62"
  name = "github.com/uber-go/tally"
  packages = [
    ".",
    "m3",
    "m3/customtransports",
    "m3/thrift",
    "m3/thriftudp",
    "multi",
    "prometheus",
  ]
  pruneopts = "UT"
  revision = "ff17f3c43c065c3c2991f571e740eee43ea3a14a"
  version = "v3.3.7"

[[projects]]
  digest = "1:3e330f647da328ea1760d5108d9b1a780430dda07b4bf5bac8cd22118013dea3"
  name = "github.com/uber/tchannel-go"
  packages = [
    ".",
    "internal/argreader",
    "relay",
    "thrift",
    "thrift/gen-go/meta",
    "tnet",
    "tos",
    "trand",
    "typed",
  ]
  pruneopts = "UT"
  revision = "1fcf82ec86967eb43ba0baa9b964f8eb226d242e"

[[projects]]
  digest = "1:a02bd33c56ab567d53246eeb40c76810c339af9fff7e43b5dd266f7d58d7ca4a"
  name = "github.com/ugorji/go"
  packages = ["codec"]
  pruneopts = "UT"
  revision = "ded73eae5db7e7a0ef6f55aace87a2873c5d2b74"

[[projects]]
  digest = "1:12f34aeabd05ca073803da303997f954e8c4cbc9c25038c96ebd96d4baf956f5"
  name = "github.com/willf/bitset"
  packages = ["."]
  pruneopts = "UT"
  revision = "988f4f24992fc745de53c42df0da6581e42a6686"
  version = "v1.1.2"

[[projects]]
  digest = "1:6dff6d02950c110d7d61da0c200eaff9da9f312101291b2d8c07235954eaa19d"
  name = "github.com/xiang90/probing"
  packages = ["."]
  pruneopts = "UT"
  revision = "07dd2e8dfe18522e9c447ba95f2fe95262f63bb2"
  version = "0.0.1"

[[projects]]
  digest = "1:9d5cf6f23377cc24f00ba9a7b0c83fe070171c094e42eece262c6252a392ec33"
  name = "go.uber.org/atomic"
  packages = ["."]
  pruneopts = "UT"
  revision = "8474b86a5a6f79c443ce4b2992817ff32cf208b8"
  version = "v1.3.1"

[[projects]]
  digest = "1:60bf2a5e347af463c42ed31a493d817f8a72f102543060ed992754e689805d1a"
  name = "go.uber.org/multierr"
  packages = ["."]
  pruneopts = "UT"
  revision = "3c4937480c32f4c13a875a1829af76c98ca3d40a"
  version = "v1.1.0"

[[projects]]
  digest = "1:07853d37736d3f630740d434a623de697d0a863fca0e40b2c859995045d8941e"
  name = "go.uber.org/zap"
  packages = [
    ".",
    "buffer",
    "internal/bufferpool",
    "internal/color",
    "internal/exit",
    "zapcore",
  ]
  pruneopts = "UT"
  revision = "f85c78b1dd998214c5f2138155b320a4a43fbe36"

[[projects]]
  digest = "1:81f1dd32641ade86d4a974606a06ae195e34339197727a75c8cb4129ae241d75"
  name = "golang.org/x/crypto"
  packages = [
    "bcrypt",
    "blowfish",
  ]
  pruneopts = "UT"
  revision = "1351f936d976c60a0a48d728281922cf63eafb8d"

[[projects]]
  digest = "1:a8a2529d3dc92307c2cfc740c21101e2f57c52e38b335d50e69e763432a2b436"
  name = "golang.org/x/net"
  packages = [
    "bpf",
    "context",
    "http2",
    "http2/hpack",
    "idna",
    "internal/iana",
    "internal/socket",
    "internal/timeseries",
    "ipv4",
    "ipv6",
    "lex/httplex",
    "trace",
  ]
  pruneopts = "UT"
  revision = "ab5485076ff3407ad2d02db054635913f017b0ed"
  source = "https://github.com/golang/net"

[[projects]]
  digest = "1:39ebcc2b11457b703ae9ee2e8cca0f68df21969c6102cb3b705f76cca0ea0239"
  name = "golang.org/x/sync"
  packages = ["errgroup"]
  pruneopts = "UT"
  revision = "1d60e4601c6fd243af51cc01ddf169918a5407ca"
  source = "https://github.com/golang/sync"

[[projects]]
  digest = "1:0ae13a0654fad3a9eb2cd77dcad842b6d334e62e23fd632937fcc78981cc727c"
  name = "golang.org/x/sys"
  packages = ["unix"]
  pruneopts = "UT"
  revision = "d4feaf1a7e61e1d9e79e6c4e76c6349e9cab0a03"
  source = "https://github.com/golang/sys"

[[projects]]
  digest = "1:ca9ebfc1200ca7423d9778dba9cdd463704753541c99dc4896f15e0b8b2bf1e8"
  name = "golang.org/x/text"
  packages = [
    "internal/gen",
    "internal/triegen",
    "internal/ucd",
    "secure/bidirule",
    "transform",
    "unicode/bidi",
    "unicode/cldr",
    "unicode/norm",
    "unicode/rangetable",
  ]
  pruneopts = "UT"
  revision = "4ee4af566555f5fbe026368b75596286a312663a"
  source = "https://github.com/golang/text"

[[projects]]
  digest = "1:9d36d6d2829d111cc20b80d15d25ace127a0ad18c5f90c89f1f88cd82e084769"
  name = "google.golang.org/appengine"
  packages = [
    ".",
    "datastore",
    "internal",
    "internal/app_identity",
    "internal/base",
    "internal/datastore",
    "internal/log",
    "internal/modules",
    "internal/remote_api",
  ]
  pruneopts = "UT"
  revision = "2e4a801b39fc199db615bfca7d0b9f8cd9580599"
  source = "https://github.com/golang/appengine"

[[projects]]
  digest = "1:0efcfe82e59b828eb6f4115bba88ff45c0898c38e823fbe7f450bdffed9e739b"
  name = "google.golang.org/genproto"
  packages = [
    "googleapis/api/annotations",
    "googleapis/rpc/status",
  ]
  pruneopts = "UT"
  revision = "09f6ed296fc66555a25fe4ce95173148778dfa85"
  source = "https://github.com/google/go-genproto"

[[projects]]
  digest = "1:45101b53b1b93d50e2464e3b164bfa72cc77229fb998cfcd029987006488c641"
  name = "google.golang.org/grpc"
  packages = [
    ".",
    "balancer",
    "codes",
    "connectivity",
    "credentials",
    "grpclb/grpc_lb_v1/messages",
    "grpclog",
    "health/grpc_health_v1",
    "internal",
    "keepalive",
    "metadata",
    "naming",
    "peer",
    "resolver",
    "stats",
    "status",
    "tap",
    "transport",
  ]
  pruneopts = "UT"
  revision = "5b3c4e850e90a4cf6a20ebd46c8b32a0a3afcb9e"
  source = "https://github.com/grpc/grpc-go"
  version = "v1.7.5"

[[projects]]
  digest = "1:9ae73ba747668fc957bc9924a74d4cd5a263b007873e896d5b9b971e3020c8e2"
  name = "gopkg.in/go-playground/validator.v9"
  packages = ["."]
  pruneopts = "UT"
  revision = "a021b2ec9a8a8bb970f3f15bc42617cb520e8a64"
  version = "v9.7.0"

[[projects]]
  digest = "1:7408a415bd6adc6b6b3830cdb75a28639bee2e3cbe9b4fc4dbcae7b94bbecb46"
  name = "gopkg.in/validator.v2"
  packages = ["."]
  pruneopts = "UT"
  revision = "3e4f037f12a1221a0864cf0dd2e81c452ab22448"
  source = "https://github.com/go-validator/validator.git"

[[projects]]
  digest = "1:9bf8adc362b661b09ef92c44f3838474fba0fca96faa001cc75087f0e3af71b8"
  name = "gopkg.in/vmihailenco/msgpack.v2"
  packages = [
    ".",
    "codes",
  ]
  pruneopts = "UT"
  revision = "a1382b1ce0c749733b814157c245e02cc1f41076"
  source = "https://github.com/vmihailenco/msgpack.git"

[[projects]]
  digest = "1:342378ac4dcb378a5448dd723f0784ae519383532f5e70ade24132c4c8693202"
  name = "gopkg.in/yaml.v2"
  packages = ["."]
  pruneopts = "UT"
  revision = "5420a8b6744d3b0345ab293f6fcba19c978f1183"
  version = "v2.2.1"

[solve-meta]
  analyzer-name = "dep"
  analyzer-version = 1
  input-imports = [
    "github.com/RoaringBitmap/roaring",
    "github.com/apache/thrift/lib/go/thrift",
    "github.com/cespare/xxhash",
    "github.com/coreos/etcd/embed",
    "github.com/coreos/etcd/pkg/transport",
    "github.com/coreos/etcd/pkg/types",
    "github.com/coreos/pkg/capnslog",
    "github.com/couchbase/vellum",
    "github.com/couchbase/vellum/regexp",
    "github.com/facebookgo/clock",
    "github.com/fortytw2/leaktest",
    "github.com/gogo/protobuf/gogoproto",
    "github.com/gogo/protobuf/jsonpb",
    "github.com/gogo/protobuf/proto",
    "github.com/golang/mock/gomock",
    "github.com/golang/mock/mockgen",
    "github.com/golang/protobuf/jsonpb",
    "github.com/golang/protobuf/proto",
    "github.com/golang/protobuf/ptypes/timestamp",
    "github.com/golang/snappy",
    "github.com/google/go-cmp/cmp",
    "github.com/gorilla/mux",
    "github.com/leanovate/gopter",
    "github.com/leanovate/gopter/commands",
    "github.com/leanovate/gopter/gen",
    "github.com/leanovate/gopter/prop",
    "github.com/m3db/bitset",
    "github.com/m3db/bloom",
    "github.com/m3db/m3aggregator/aggregator",
    "github.com/m3db/m3aggregator/aggregator/handler",
    "github.com/m3db/m3aggregator/aggregator/handler/writer",
    "github.com/m3db/m3aggregator/client",
    "github.com/m3db/m3cluster/client",
    "github.com/m3db/m3cluster/client/etcd",
    "github.com/m3db/m3cluster/generated/proto/commonpb",
    "github.com/m3db/m3cluster/generated/proto/placementpb",
    "github.com/m3db/m3cluster/integration/etcd",
    "github.com/m3db/m3cluster/kv",
    "github.com/m3db/m3cluster/kv/mem",
    "github.com/m3db/m3cluster/kv/util",
    "github.com/m3db/m3cluster/placement",
    "github.com/m3db/m3cluster/placement/service",
    "github.com/m3db/m3cluster/placement/storage",
    "github.com/m3db/m3cluster/services",
    "github.com/m3db/m3cluster/services/leader/campaign",
    "github.com/m3db/m3cluster/shard",
    "github.com/m3db/m3ctl/service/r2/store",
    "github.com/m3db/m3ctl/service/r2/store/kv",
    "github.com/m3db/m3em/build",
    "github.com/m3db/m3em/cluster",
    "github.com/m3db/m3em/generated/proto/heartbeat",
    "github.com/m3db/m3em/generated/proto/m3em",
    "github.com/m3db/m3em/node",
    "github.com/m3db/m3em/node/mocks",
    "github.com/m3db/m3em/x/grpc",
    "github.com/m3db/m3metrics/aggregation",
    "github.com/m3db/m3metrics/filters",
    "github.com/m3db/m3metrics/generated/proto/rulepb",
    "github.com/m3db/m3metrics/matcher",
    "github.com/m3db/m3metrics/matcher/cache",
    "github.com/m3db/m3metrics/metadata",
    "github.com/m3db/m3metrics/metric",
    "github.com/m3db/m3metrics/metric/aggregated",
    "github.com/m3db/m3metrics/metric/id",
    "github.com/m3db/m3metrics/metric/unaggregated",
    "github.com/m3db/m3metrics/policy",
    "github.com/m3db/m3metrics/rules",
    "github.com/m3db/m3metrics/rules/store/kv",
    "github.com/m3db/m3metrics/rules/view",
    "github.com/m3db/m3x/checked",
    "github.com/m3db/m3x/clock",
    "github.com/m3db/m3x/close",
    "github.com/m3db/m3x/config",
    "github.com/m3db/m3x/config/hostid",
    "github.com/m3db/m3x/config/listenaddress",
    "github.com/m3db/m3x/context",
    "github.com/m3db/m3x/errors",
    "github.com/m3db/m3x/ident",
    "github.com/m3db/m3x/ident/testutil",
    "github.com/m3db/m3x/instrument",
    "github.com/m3db/m3x/log",
    "github.com/m3db/m3x/pool",
    "github.com/m3db/m3x/resource",
    "github.com/m3db/m3x/retry",
    "github.com/m3db/m3x/sync",
    "github.com/m3db/m3x/tcp",
    "github.com/m3db/m3x/test",
    "github.com/m3db/m3x/time",
    "github.com/m3db/m3x/watch",
    "github.com/m3db/stackadler32",
    "github.com/pborman/getopt",
    "github.com/pborman/uuid",
    "github.com/pilosa/pilosa/roaring",
    "github.com/pkg/errors",
    "github.com/pkg/profile",
    "github.com/prometheus/common/model",
    "github.com/prometheus/prometheus/pkg/labels",
    "github.com/prometheus/prometheus/promql",
    "github.com/satori/go.uuid",
    "github.com/sergi/go-diff/diffmatchpatch",
    "github.com/spaolacci/murmur3",
    "github.com/spf13/cobra",
    "github.com/spf13/pflag",
    "github.com/spf13/viper",
    "github.com/stretchr/testify/assert",
    "github.com/stretchr/testify/require",
    "github.com/stretchr/testify/suite",
    "github.com/uber-go/atomic",
    "github.com/uber-go/tally",
    "github.com/uber/tchannel-go",
    "github.com/uber/tchannel-go/thrift",
    "go.uber.org/zap",
    "go.uber.org/zap/zapcore",
    "golang.org/x/net/context",
    "golang.org/x/sync/errgroup",
    "google.golang.org/grpc",
    "google.golang.org/grpc/codes",
    "google.golang.org/grpc/credentials",
    "google.golang.org/grpc/metadata",
    "google.golang.org/grpc/naming",
    "gopkg.in/validator.v2",
    "gopkg.in/vmihailenco/msgpack.v2",
    "gopkg.in/yaml.v2",
  ]
  solver-name = "gps-cdcl"
  solver-version = 1
