github.com/chronosphereio/victor v0.0.0-20201217171243-b2ba7c848932 h1:NcHWcnCIEo2XaIXoTospzTazsu0PgDvcbXX+47cy8/I=
github.com/chronosphereio/victor v0.0.0-20201217171243-b2ba7c848932/go.mod h1:wz1ngMsk+1D1ug2ObnI3zXs+/ZdBPrWLb6R1WQW3XNM=
github.com/chronosphereio/victor v0.0.0-20201222112852-eaf9ae24e2db h1:qEMGd5zaqbT8eaKJ25n99rgakWgUhX3xnsLae1N6Si8=
github.com/chronosphereio/victor v0.0.0-20201222112852-eaf9ae24e2db/go.mod h1:wz1ngMsk+1D1ug2ObnI3zXs+/ZdBPrWLb6R1WQW3XNM=
github.com/chronosphereio/victor v0.0.0-20201229142059-d2026c6102a7 h1:VQHAfLGF53imcPuvx0jxNPFHqS9h0vSyq4asWxEdYlU=
github.com/chronosphereio/victor v0.0.0-20201229142059-d2026c6102a7/go.mod h1:wz1ngMsk+1D1ug2ObnI3zXs+/ZdBPrWLb6R1WQW3XNM=
github.com/chronosphereio/victor v0.0.0-20210204163248-3548c3638c6d h1:NSc2M6OYD/kI3sMSEoWDPxUa5wqA7/RnSMvCBMOygNE=
github.com/chronosphereio/victor v0.0.0-20210204163248-3548c3638c6d/go.mod h1:wz1ngMsk+1D1ug2ObnI3zXs+/ZdBPrWLb6R1WQW3XNM=
github.com/chronosphereio/victor v0.0.0-20210310140400-34da0aff36eb h1:/Ma6/rLQKhNEq+XyycT8mEayTPfZI1rBcDOofkRxwQo=
github.com/chronosphereio/victor v0.0.0-20210310140400-34da0aff36eb/go.mod h1:wz1ngMsk+1D1ug2ObnI3zXs+/ZdBPrWLb6R1WQW3XNM=
github.com/chronosphereio/victor v0.0.0-20210315115055-35b56c91be12 h1:VCqa+wMDxdEckLOJvBiyNjB5Xg3POxdYc1yhsMQa4ZY=
github.com/chronosphereio/victor v0.0.0-20210315115055-35b56c91be12/go.mod h1:wz1ngMsk+1D1ug2ObnI3zXs+/ZdBPrWLb6R1WQW3XNM=
