github.com/chronosphereio/victor v0.0.0-20201217171243-b2ba7c848932 h1:NcHWcnCIEo2XaIXoTospzTazsu0PgDvcbXX+47cy8/I=
github.com/chronosphereio/victor v0.0.0-20201217171243-b2ba7c848932/go.mod h1:wz1ngMsk+1D1ug2ObnI3zXs+/ZdBPrWLb6R1WQW3XNM=
github.com/chronosphereio/victor v0.0.0-20201222112852-eaf9ae24e2db h1:qEMGd5zaqbT8eaKJ25n99rgakWgUhX3xnsLae1N6Si8=
github.com/chronosphereio/victor v0.0.0-20201222112852-eaf9ae24e2db/go.mod h1:wz1ngMsk+1D1ug2ObnI3zXs+/ZdBPrWLb6R1WQW3XNM=
