hash: 84fc950b972e18504876615d035bfad9b2dbacb74093a9fd007a88298a488f1c
updated: 2018-01-05T16:29:18.680351901-05:00
imports:
- name: github.com/alecthomas/template
  version: a0175ee3bccc567396460bf5acd36800cb10c49c
  subpackages:
  - parse
- name: github.com/alecthomas/units
  version: 2efee857e7cfd4f3d0138cc3cbb1b4966962b93a
- name: github.com/gogo/protobuf
  version: 4168943e65a2802828518e95310aeeed6d84c4e5
  subpackages:
  - gogoproto
  - proto
  - protoc-gen-gogo/descriptor
- name: github.com/golang/protobuf
  version: 1e59b77b52bf8e4b449a57e6f79f21226d571845
  subpackages:
  - proto
- name: github.com/golang/snappy
  version: 553a641470496b2327abcac10b36396bd98e45c9
- name: github.com/gorilla/context
  version: 08b5f424b9271eedf6f9f0ce86cb9396ed337a42
- name: github.com/gorilla/mux
  version: 7f08801859139f86dfafd1c296e2cba9a80d292e
- name: github.com/m3db/m3x
  version: f95d1021f5dbac46cf2f6994b4b2d2d194fb0697
  subpackages:
  - config
- name: github.com/pborman/uuid
  version: e790cca94e6cc75c7064b1332e63811d4aae1a53
- name: go.uber.org/atomic
  version: 8474b86a5a6f79c443ce4b2992817ff32cf208b8
- name: go.uber.org/multierr
  version: 3c4937480c32f4c13a875a1829af76c98ca3d40a
- name: go.uber.org/zap
  version: 35aad584952c3e7020db7b839f6b102de6271f89
  subpackages:
  - buffer
  - internal/bufferpool
  - internal/color
  - internal/exit
  - zapcore
- name: gopkg.in/alecthomas/kingpin.v2
  version: 947dcec5ba9c011838740e680966fd7087a71d0d
- name: gopkg.in/validator.v2
  version: 3e4f037f12a1221a0864cf0dd2e81c452ab22448
- name: gopkg.in/yaml.v2
  version: a83829b6f1293c91addabc89d0571c246397bbf4
testImports:
- name: github.com/davecgh/go-spew
  version: 5215b55f46b2b919f50a1df0eaa5886afe4e3b3d
  subpackages:
  - spew
- name: github.com/pmezard/go-difflib
  version: d8ed2627bdf02c080bf22230dbb337003b7aba2d
  subpackages:
  - difflib
- name: github.com/stretchr/testify
  version: d77da356e56a7428ad25149ca77381849a6a5232
  subpackages:
  - assert
  - require
