hash: c8e0ba912adfa001b1599d6a346615bf40942fc29be60579967a744f4c00a13f
updated: 2018-04-06T13:32:04.563600706-04:00
imports:
- name: github.com/alecthomas/template
  version: a0175ee3bccc567396460bf5acd36800cb10c49c
  subpackages:
  - parse
- name: github.com/alecthomas/units
  version: 2efee857e7cfd4f3d0138cc3cbb1b4966962b93a
- name: github.com/apache/thrift
  version: 53dd39833a08ce33582e5ff31fa18bb4735d6731
  subpackages:
  - lib/go/thrift
- name: github.com/beorn7/perks
  version: 4c0e84591b9aa9e6dcfdf3e020114cd81f89d5f9
  subpackages:
  - quantile
- name: github.com/cespare/xxhash
  version: 48099fad606eafc26e3a569fad19ff510fff4df6
- name: github.com/coreos/etcd
  version: 694728c496e22dfa5719c78ff23cc982e15bcb2f
  subpackages:
  - auth/authpb
  - clientv3
  - clientv3/concurrency
  - embed
  - etcdserver/api/v3rpc/rpctypes
  - etcdserver/etcdserverpb
  - integration
  - mvcc/mvccpb
- name: github.com/davecgh/go-spew
  version: adab96458c51a58dc1783b3335dcce5461522e75
  subpackages:
  - spew
- name: github.com/facebookgo/clock
  version: 600d898af40aa09a7a93ecb9265d87b0504b6f03
- name: github.com/glycerine/go-unsnap-stream
  version: 62a9a9eb44fd8932157b1a8ace2149eff5971af6
- name: github.com/go-kit/kit
  version: 91c58cc7d6d770b0285fdd69949a23d817a57d13
  subpackages:
  - log
  - log/level
- name: github.com/go-logfmt/logfmt
  version: 390ab7935ee28ec6b286364bba9b4dd6410cb3d5
- name: github.com/go-ole/go-ole
  version: a41e3c4b706f6ae8dfbff342b06e40fa4d2d0506
  subpackages:
  - oleutil
- name: github.com/go-stack/stack
  version: 259ab82a6cad3992b4e21ff5cac294ccb06474bc
- name: github.com/gogo/protobuf
  version: 100ba4e885062801d56799d78530b73b178a78f3
  subpackages:
  - gogoproto
  - proto
  - protoc-gen-gogo/descriptor
- name: github.com/golang/mock
  version: c34cdb4725f4c3844d095133c6e40e448b86589b
  subpackages:
  - gomock
- name: github.com/golang/protobuf
  version: 1e59b77b52bf8e4b449a57e6f79f21226d571845
  subpackages:
  - proto
  - protoc-gen-go/descriptor
  - ptypes
  - ptypes/any
  - ptypes/duration
  - ptypes/timestamp
- name: github.com/golang/snappy
  version: 553a641470496b2327abcac10b36396bd98e45c9
- name: github.com/gorilla/context
  version: 08b5f424b9271eedf6f9f0ce86cb9396ed337a42
- name: github.com/gorilla/mux
  version: 53c1911da2b537f792e7cafcb446b05ffe33b996
- name: github.com/kr/logfmt
  version: b84e30acd515aadc4b783ad4ff83aff3299bdfe0
- name: github.com/m3db/m3cluster
  version: ac52883b085bacbfa8441c511342d429772c8317
  subpackages:
  - client
  - client/etcd
  - etcd/watchmanager
  - generated/proto/metadatapb
  - generated/proto/placementpb
  - kv
  - kv/etcd
  - kv/mem
  - kv/util/runtime
  - placement
  - placement/algo
  - placement/selector
  - placement/service
  - placement/storage
  - services
  - services/client/etcd
  - services/heartbeat/etcd
  - services/leader
  - services/leader/campaign
  - services/leader/election
  - shard
- name: github.com/m3db/m3db
  version: eb29e62b58f8c77b9a9d54919c377b7a43f1fc39
  subpackages:
  - client
  - clock
  - digest
  - encoding
  - encoding/m3tsz
  - environment
  - generated/proto/namespace
  - generated/thrift/rpc
  - kvconfig
  - network/server/tchannelthrift/convert
  - network/server/tchannelthrift/errors
  - network/server/tchannelthrift/node/channel
  - persist
  - retention
  - sharding
  - storage/block
  - storage/bootstrap/result
  - storage/index
  - storage/namespace
  - storage/series
  - topology
  - ts
  - x/tchannel
  - x/xio
- name: github.com/m3db/m3metrics
  version: 17e4ddf89f2b0c8fbb16b6d5b71a871b793d2a00
  subpackages:
  - generated/proto/schema
  - metric
  - policy
- name: github.com/m3db/m3ninx
  version: b2628ee8f986f6df48d3f7589d85a6f390f174a2
  subpackages:
  - doc
  - index/segment
- name: github.com/m3db/m3x
  version: 73f3a41ef5c250e122ef225893ce0ac5962456e7
  subpackages:
  - checked
  - clock
  - close
  - config
  - context
  - errors
  - ident
  - instrument
  - log
  - pool
  - process
  - resource
  - retry
  - sync
  - time
  - watch
- name: github.com/m3db/stackadler32
  version: bfebcd73ef6ffe0ee30489227f0330c39064b674
- name: github.com/matttproud/golang_protobuf_extensions
  version: c12348ce28de40eed0136aa2b644d0ee0650e56c
  subpackages:
  - pbutil
- name: github.com/mschoch/smat
  version: 90eadee771aeab36e8bf796039b8c261bebebe4f
- name: github.com/nightlyone/lockfile
  version: 6a197d5ea61168f2ac821de2b7f011b250904900
- name: github.com/oklog/ulid
  version: 7e1bd8a9a281b5abdf651a430b918bb0ecdbceda
- name: github.com/opentracing/opentracing-go
  version: 855519783f479520497c6b3445611b05fc42f009
  subpackages:
  - ext
- name: github.com/pborman/uuid
  version: e790cca94e6cc75c7064b1332e63811d4aae1a53
- name: github.com/philhofer/fwd
  version: bb6d471dc95d4fe11e432687f8b70ff496cf3136
- name: github.com/pkg/errors
  version: 816c9085562cd7ee03e7f8188a1cfd942858cded
- name: github.com/pkg/profile
  version: 5b67d428864e92711fcbd2f8629456121a56d91f
- name: github.com/pmezard/go-difflib
  version: d8ed2627bdf02c080bf22230dbb337003b7aba2d
  subpackages:
  - difflib
- name: github.com/prometheus/client_golang
  version: 967789050ba94deca04a5e84cce8ad472ce313c1
  subpackages:
  - prometheus
- name: github.com/prometheus/client_model
  version: fa8ad6fec33561be4280a8f0514318c79d7f6cb6
  subpackages:
  - go
- name: github.com/prometheus/common
  version: 195bde7883f7c39ea62b0d92ab7359b5327065cb
  subpackages:
  - expfmt
  - internal/bitbucket.org/ww/goautoneg
  - model
- name: github.com/prometheus/procfs
  version: 1878d9fbb537119d24b21ca07effd591627cd160
- name: github.com/prometheus/prometheus
  version: 998dfcbac689ae832ea64ca134fcb096f61a7f62
  subpackages:
  - pkg/labels
  - pkg/textparse
  - pkg/timestamp
  - pkg/value
  - promql
  - storage
  - storage/tsdb
  - util/stats
  - util/strutil
  - util/testutil
- name: github.com/prometheus/tsdb
  version: bd832fc8274e8fe63999ac749daaaff9d881241f
  subpackages:
  - chunkenc
  - chunks
  - fileutil
  - index
  - labels
- name: github.com/RoaringBitmap/roaring
  version: 4bbba8874933b985c9160558fddea525dde73e63
- name: github.com/shirou/gopsutil
  version: fc04d2dd9a512906a2604242b35275179e250eda
  subpackages:
  - cpu
  - host
  - internal/common
  - mem
  - net
  - process
- name: github.com/shirou/w32
  version: bb4de0191aa41b5507caa14b0650cdbddcd9280b
- name: github.com/spaolacci/murmur3
  version: 9f5d223c60793748f04a9d5b4b4eacddfc1f755d
- name: github.com/StackExchange/wmi
  version: 5d049714c4a64225c3c79a7cf7d02f7fb5b96338
- name: github.com/stretchr/testify
  version: 6fe211e493929a8aac0469b93f28b1d0688a9a3a
  subpackages:
  - assert
  - require
- name: github.com/tinylib/msgp
  version: 3b5c87ab5fb00c660bf85b888445d9a01db64db4
  subpackages:
  - msgp
- name: github.com/uber-go/atomic
  version: 8474b86a5a6f79c443ce4b2992817ff32cf208b8
- name: github.com/uber-go/tally
  version: 522328b48efad0c6034dba92bf39228694e9d31f
  subpackages:
  - m3
  - m3/customtransports
  - m3/thrift
  - m3/thriftudp
- name: github.com/uber/tchannel-go
  version: 1fcf82ec86967eb43ba0baa9b964f8eb226d242e
  subpackages:
  - internal/argreader
  - relay
  - thrift
  - thrift/gen-go/meta
  - tnet
  - tos
  - trand
  - typed
- name: github.com/willf/bitset
  version: 988f4f24992fc745de53c42df0da6581e42a6686
- name: go.uber.org/atomic
  version: 8474b86a5a6f79c443ce4b2992817ff32cf208b8
- name: go.uber.org/multierr
  version: 3c4937480c32f4c13a875a1829af76c98ca3d40a
- name: go.uber.org/zap
  version: 35aad584952c3e7020db7b839f6b102de6271f89
  subpackages:
  - buffer
  - internal/bufferpool
  - internal/color
  - internal/exit
  - zapcore
- name: golang.org/x/net
  version: d0aafc73d5cdc42264b0af071c261abac580695e
  subpackages:
  - bpf
  - context
  - http2
  - http2/hpack
  - idna
  - internal/iana
  - internal/socket
  - internal/timeseries
  - ipv4
  - ipv6
  - lex/httplex
  - trace
- name: golang.org/x/sync
  version: fd80eb99c8f653c847d294a001bdf2a3a6f768f5
  subpackages:
  - errgroup
- name: golang.org/x/sys
  version: d4feaf1a7e61e1d9e79e6c4e76c6349e9cab0a03
  repo: https://github.com/golang/sys
  vcs: git
  subpackages:
  - unix
  - windows
- name: golang.org/x/text
  version: 4ee4af566555f5fbe026368b75596286a312663a
  subpackages:
  - secure/bidirule
  - transform
  - unicode/bidi
  - unicode/norm
- name: google.golang.org/genproto
  version: 09f6ed296fc66555a25fe4ce95173148778dfa85
  subpackages:
  - googleapis/api/annotations
  - googleapis/rpc/status
- name: google.golang.org/grpc
  version: 401e0e00e4bb830a10496d64cd95e068c5bf50de
  subpackages:
  - balancer
  - codes
  - connectivity
  - credentials
  - grpclb/grpc_lb_v1/messages
  - grpclog
  - health/grpc_health_v1
  - internal
  - keepalive
  - metadata
  - naming
  - peer
  - resolver
  - stats
  - status
  - tap
  - transport
- name: gopkg.in/alecthomas/kingpin.v2
  version: 947dcec5ba9c011838740e680966fd7087a71d0d
- name: gopkg.in/validator.v2
  version: 3e4f037f12a1221a0864cf0dd2e81c452ab22448
- name: gopkg.in/yaml.v2
  version: a83829b6f1293c91addabc89d0571c246397bbf4
testImports: []
