hash: a3bc31056f5227f10e9890dcd5c1fed4ee7dd460a2a32778715917686ac6879c
updated: 2018-10-29T13:34:52.22873-04:00
imports:
- name: github.com/apache/thrift
  version: 9549b25c77587b29be4e0b5c258221a4ed85d37a
  subpackages:
  - lib/go/thrift
- name: github.com/beorn7/perks
  version: 4c0e84591b9aa9e6dcfdf3e020114cd81f89d5f9
  subpackages:
  - quantile
- name: github.com/coreos/etcd
  version: 694728c496e22dfa5719c78ff23cc982e15bcb2f
  subpackages:
  - auth/authpb
  - clientv3
  - clientv3/concurrency
  - etcdserver/api/v3rpc/rpctypes
  - etcdserver/etcdserverpb
  - mvcc/mvccpb
- name: github.com/facebookgo/clock
  version: 600d898af40aa09a7a93ecb9265d87b0504b6f03
- name: github.com/ghodss/yaml
  version: 73d445a93680fa1a78ae23a5839bad48f32ba1ee
- name: github.com/go-ole/go-ole
  version: de8695c8edbf8236f30d6e1376e20b198a028d42
- name: github.com/go-playground/locales
  version: 1e5f1161c6416a5ff48840eb8724a394e48cc534
  subpackages:
  - currency
- name: github.com/go-playground/universal-translator
  version: 71201497bace774495daed26a3874fd339e0b538
- name: github.com/gogo/protobuf
  version: 636bf0302bc95575d69441b25a2603156ffdddf1
  subpackages:
  - gogoproto
  - proto
  - protoc-gen-gogo/descriptor
- name: github.com/golang/mock
  version: c34cdb4725f4c3844d095133c6e40e448b86589b
  subpackages:
  - gomock
- name: github.com/golang/protobuf
  version: 5a0f697c9ed9d68fef0116532c6e05cfeae00e55
  subpackages:
  - proto
  - protoc-gen-go/descriptor
  - ptypes
  - ptypes/any
  - ptypes/duration
  - ptypes/timestamp
- name: github.com/google/uuid
  version: 9b3b1e0f5f99ae461456d768e7d301a7acdaa2d8
- name: github.com/gorilla/context
  version: 08b5f424b9271eedf6f9f0ce86cb9396ed337a42
- name: github.com/gorilla/mux
  version: 53c1911da2b537f792e7cafcb446b05ffe33b996
- name: github.com/grpc-ecosystem/go-grpc-prometheus
  version: 6b7015e65d366bf3f19b2b2a000a831940f0f7e0
- name: github.com/grpc-ecosystem/grpc-gateway
  version: 84398b94e188ee336f307779b57b3aa91af7063c
- name: github.com/m3db/m3
  version: 16e2dfb2206a8ead03f733a7032b1bc2b83d4b93
  subpackages:
  - src/cluster/client
  - src/cluster/client/etcd
  - src/cluster/etcd/watchmanager
  - src/cluster/generated/proto/commonpb
  - src/cluster/generated/proto/metadatapb
  - src/cluster/generated/proto/placementpb
  - src/cluster/kv
  - src/cluster/kv/etcd
  - src/cluster/kv/util
  - src/cluster/kv/util/runtime
  - src/cluster/placement
  - src/cluster/placement/algo
  - src/cluster/placement/selector
  - src/cluster/placement/service
  - src/cluster/placement/storage
  - src/cluster/services
  - src/cluster/services/heartbeat/etcd
  - src/cluster/services/leader
  - src/cluster/services/leader/campaign
  - src/cluster/services/leader/election
  - src/cluster/shard
  - src/metrics/aggregation
  - src/metrics/errors
  - src/metrics/filters
  - src/metrics/generated/proto/aggregationpb
  - src/metrics/generated/proto/metricpb
  - src/metrics/generated/proto/pipelinepb
  - src/metrics/generated/proto/policypb
  - src/metrics/generated/proto/rulepb
  - src/metrics/generated/proto/transformationpb
  - src/metrics/metadata
  - src/metrics/metric
  - src/metrics/metric/id
  - src/metrics/pipeline
  - src/metrics/pipeline/applied
  - src/metrics/policy
  - src/metrics/rules
  - src/metrics/rules/store/kv
  - src/metrics/rules/validator
  - src/metrics/rules/validator/namespace
  - src/metrics/rules/validator/namespace/kv
  - src/metrics/rules/validator/namespace/static
  - src/metrics/rules/view
  - src/metrics/rules/view/changes
  - src/metrics/transformation
  - src/metrics/x/bytes
- name: github.com/m3db/m3x
  version: 943173a151c8a6b2da1f93f814c27c4e4a1e2050
  subpackages:
  - checked
  - clock
  - close
  - config
  - errors
  - instrument
  - log
  - pool
  - process
  - resource
  - retry
  - sync
  - time
  - watch
- name: github.com/m3db/prometheus_client_golang
  version: 8ae269d24972b8695572fa6b2e3718b5ea82d6b4
  subpackages:
  - prometheus
  - prometheus/promhttp
- name: github.com/m3db/prometheus_client_model
  version: 8b2299a4bf7d7fc10835527021716d4b4a6e8700
  subpackages:
  - go
- name: github.com/m3db/prometheus_common
  version: 25aaa3dff79bb48116615ebe1dea6a494b74ce77
  subpackages:
  - expfmt
  - internal/bitbucket.org/ww/goautoneg
  - model
- name: github.com/m3db/prometheus_procfs
  version: 1878d9fbb537119d24b21ca07effd591627cd160
- name: github.com/matttproud/golang_protobuf_extensions
  version: c12348ce28de40eed0136aa2b644d0ee0650e56c
  subpackages:
  - pbutil
- name: github.com/MichaelTJones/pcg
  version: df440c6ed7ed8897ac98a408365e5e89c7becf1a
- name: github.com/pborman/uuid
  version: adf5a7427709b9deb95d29d3fa8a2bf9cfd388f1
- name: github.com/prometheus/client_golang
  version: c5b7fccd204277076155f10851dad72b76a49317
- name: github.com/prometheus/client_model
  version: fa8ad6fec33561be4280a8f0514318c79d7f6cb6
- name: github.com/prometheus/common
  version: 195bde7883f7c39ea62b0d92ab7359b5327065cb
- name: github.com/prometheus/procfs
  version: 1878d9fbb537119d24b21ca07effd591627cd160
- name: github.com/rakyll/statik
  version: 19b88da8fc15428620782ba18f68423130e7ac7d
  subpackages:
  - fs
- name: github.com/shirou/gopsutil
  version: b62e301a8b9958eebb7299683eb57fab229a9501
- name: github.com/shirou/w32
  version: bb4de0191aa41b5507caa14b0650cdbddcd9280b
- name: github.com/StackExchange/wmi
  version: e542ed97d15e640bdc14b5c12162d59e8fc67324
- name: github.com/uber-go/atomic
  version: e682c1008ac17bf26d2e4b5ad6cdd08520ed0b22
- name: github.com/uber-go/tally
  version: ff17f3c43c065c3c2991f571e740eee43ea3a14a
  subpackages:
  - m3
  - m3/customtransports
  - m3/thrift
  - m3/thriftudp
  - multi
  - prometheus
- name: github.com/willf/bitset
  version: e553b05586428962bf7058d1044519d87ca72d74
- name: go.uber.org/atomic
  version: 1ea20fb1cbb1cc08cbd0d913a96dead89aa18289
- name: go.uber.org/multierr
  version: 3c4937480c32f4c13a875a1829af76c98ca3d40a
- name: go.uber.org/zap
  version: f85c78b1dd998214c5f2138155b320a4a43fbe36
  subpackages:
  - buffer
  - internal/bufferpool
  - internal/color
  - internal/exit
  - zapcore
- name: golang.org/x/net
  version: ab5485076ff3407ad2d02db054635913f017b0ed
  subpackages:
  - context
  - http2
  - http2/hpack
  - idna
  - internal/timeseries
  - lex/httplex
  - trace
- name: golang.org/x/text
  version: 4ee4af566555f5fbe026368b75596286a312663a
  subpackages:
  - secure/bidirule
  - transform
  - unicode/bidi
  - unicode/norm
- name: google.golang.org/genproto
  version: 09f6ed296fc66555a25fe4ce95173148778dfa85
  subpackages:
  - googleapis/api/annotations
  - googleapis/rpc/status
- name: google.golang.org/grpc
  version: 401e0e00e4bb830a10496d64cd95e068c5bf50de
  subpackages:
  - balancer
  - codes
  - connectivity
  - credentials
  - grpclb/grpc_lb_v1/messages
  - grpclog
  - health/grpc_health_v1
  - internal
  - keepalive
  - metadata
  - naming
  - peer
  - resolver
  - stats
  - status
  - tap
  - transport
- name: gopkg.in/go-playground/validator.v9
  version: a021b2ec9a8a8bb970f3f15bc42617cb520e8a64
- name: gopkg.in/validator.v2
  version: 3e4f037f12a1221a0864cf0dd2e81c452ab22448
- name: gopkg.in/yaml.v2
  version: 5420a8b6744d3b0345ab293f6fcba19c978f1183
  repo: https://github.com/go-yaml/yaml.git
testImports:
- name: github.com/davecgh/go-spew
  version: 5215b55f46b2b919f50a1df0eaa5886afe4e3b3d
  subpackages:
  - spew
- name: github.com/pmezard/go-difflib
  version: d8ed2627bdf02c080bf22230dbb337003b7aba2d
  subpackages:
  - difflib
- name: github.com/stretchr/testify
  version: 6fe211e493929a8aac0469b93f28b1d0688a9a3a
  subpackages:
  - assert
  - require
