hash: c3849df6d6a03739bb32a5a31efc32bbc1db08ac5b044a9c8260400187d93a80
updated: 2017-01-06T17:17:59.39175414-05:00
imports:
- name: github.com/facebookgo/clock
  version: 600d898af40aa09a7a93ecb9265d87b0504b6f03
- name: github.com/golang/protobuf
  version: 3852dcfda249c2097355a6aabb199a28d97b30df
  subpackages:
  - proto
- name: github.com/m3db/m3metrics
  version: 92d021a01ae1a259f518b4670589ed607c297027
  subpackages:
  - metric
  - metric/aggregated
  - metric/unaggregated
  - policy
  - pool
  - protocol/msgpack
- name: github.com/m3db/m3x
  version: fcb5878c2ad11ab932afc2d30810da4a23986d0e
  subpackages:
  - checked
  - clock
  - errors
  - instrument
  - log
  - net
  - pool
  - retry
  - sync
  - time
- name: github.com/stretchr/testify
  version: 6fe211e493929a8aac0469b93f28b1d0688a9a3a
  subpackages:
  - assert
  - require
- name: github.com/uber-go/tally
  version: 1f0f7171f312a8cff5f697fe5f4d45dbaec8c3ac
- name: golang.org/x/net
  version: 3b993948b6f0e651ffb58ba135d8538a68b1cddf
  subpackages:
  - context
- name: google.golang.org/appengine
  version: 8758a385849434ba5eac8aeedcf5192c5a0f5f10
  subpackages:
  - datastore
  - internal
  - internal/app_identity
  - internal/base
  - internal/datastore
  - internal/log
  - internal/modules
  - internal/remote_api
- name: gopkg.in/vmihailenco/msgpack.v2
  version: 94af6ea04d2da6a09d6914ca79b8fb94f3acbba4
  subpackages:
  - codes
testImports:
- name: github.com/davecgh/go-spew
  version: 5215b55f46b2b919f50a1df0eaa5886afe4e3b3d
  subpackages:
  - spew
- name: github.com/pmezard/go-difflib
  version: 792786c7400a136282c1664665ae0a8db921c6c2
  subpackages:
  - difflib
