hash: 96d428bd900f5390ac1cf345841ad37f66083c78ec69f82032366d9d43e89556
updated: 2016-11-21T14:00:51.251523506-05:00
imports:
- name: github.com/facebookgo/clock
  version: 600d898af40aa09a7a93ecb9265d87b0504b6f03
- name: github.com/m3db/m3db
  version: 265aece6efed8baa24cbfa89faae9ecee58daaa1
  subpackages:
  - pool
- name: github.com/uber-go/tally
  version: 1f0f7171f312a8cff5f697fe5f4d45dbaec8c3ac
testImports:
- name: github.com/davecgh/go-spew
  version: 5215b55f46b2b919f50a1df0eaa5886afe4e3b3d
  subpackages:
  - spew
- name: github.com/pmezard/go-difflib
  version: 792786c7400a136282c1664665ae0a8db921c6c2
  subpackages:
  - difflib
- name: github.com/stretchr/testify
  version: 6fe211e493929a8aac0469b93f28b1d0688a9a3a
  subpackages:
  - assert
  - require
