hash: a539218a08730e83f130bf1ed415321b5137b6950b2f56150ab470fdb2832093
updated: 2017-03-15T15:46:10.216421502-04:00
imports:
- name: github.com/apache/thrift
  version: 53dd39833a08ce33582e5ff31fa18bb4735d6731
  subpackages:
  - lib/go/thrift
- name: github.com/davecgh/go-spew
  version: 346938d642f2ec3594ed81d874461961cd0faa76
  subpackages:
  - spew
- name: github.com/facebookgo/clock
  version: 600d898af40aa09a7a93ecb9265d87b0504b6f03
- name: github.com/fsnotify/fsnotify
  version: 30411dbcefb7a1da7e84f75530ad3abe4011b4f8
- name: github.com/gavv/monotime
  version: 47d58efa69556a936a3c15eb2ed42706d968ab01
- name: github.com/golang/mock
  version: bd3c8e81be01eef76d4b503f5e687d2d1354d2d9
  subpackages:
  - gomock
- name: github.com/golang/protobuf
  version: 3852dcfda249c2097355a6aabb199a28d97b30df
  subpackages:
  - proto
  - ptypes/timestamp
- name: github.com/hashicorp/hcl
  version: 630949a3c5fa3c613328e1b8256052cbc2327c9b
  subpackages:
  - hcl/ast
  - hcl/parser
  - hcl/scanner
  - hcl/strconv
  - hcl/token
  - json/parser
  - json/scanner
  - json/token
- name: github.com/inconshreveable/mousetrap
  version: 76626ae9c91c4f2a10f34cad8ce83ea42c93bb75
- name: github.com/m3db/m3cluster
  version: 1054ce5875f3f13519cfc1c4e816c06bab8587fe
  subpackages:
  - client
  - kv
  - services
  - services/placement
  - shard
- name: github.com/m3db/m3db
  version: 4d41e2d211f35888c76894ab77fb3ffddee7e273
  subpackages:
  - client
  - clock
  - context
  - digest
  - encoding
  - encoding/m3tsz
  - generated/thrift/rpc
  - network/server/tchannelthrift/convert
  - network/server/tchannelthrift/errors
  - network/server/tchannelthrift/node/channel
  - retention
  - sharding
  - storage/block
  - storage/bootstrap/result
  - topology
  - ts
  - x/io
- name: github.com/m3db/m3x
  version: 2adc966acde14c9f0cc04c3eaeb338c5f9673a74
  subpackages:
  - checked
  - clock
  - close
  - errors
  - instrument
  - log
  - pool
  - retry
  - sync
  - time
  - watch
- name: github.com/magiconair/properties
  version: b3b15ef068fd0b17ddf408a23669f20811d194d2
- name: github.com/mitchellh/mapstructure
  version: 53818660ed4955e899c0bcafa97299a388bd7c8e
- name: github.com/opentracing/opentracing-go
  version: 855519783f479520497c6b3445611b05fc42f009
  subpackages:
  - ext
- name: github.com/pborman/getopt
  version: ec82d864f599c39673eef89f91b93fa5576567a1
- name: github.com/pelletier/go-buffruneio
  version: c37440a7cf42ac63b919c752ca73a85067e05992
- name: github.com/pelletier/go-toml
  version: fee7787d3f811af92276f5ff10107092e95b7a1d
- name: github.com/pmezard/go-difflib
  version: 792786c7400a136282c1664665ae0a8db921c6c2
  subpackages:
  - difflib
- name: github.com/spaolacci/murmur3
  version: 0d12bf811670bf6a1a63828dfbd003eded177fce
- name: github.com/spf13/afero
  version: 9be650865eab0c12963d8753212f4f9c66cdcf12
  subpackages:
  - mem
- name: github.com/spf13/cast
  version: ce135a4ebeee6cfe9a26c93ee0d37825f26113c7
- name: github.com/spf13/cobra
  version: 7c674d9e72017ed25f6d2b5e497a1368086b6a6f
- name: github.com/spf13/jwalterweatherman
  version: fa7ca7e836cf3a8bb4ebf799f472c12d7e903d66
- name: github.com/spf13/pflag
  version: 4f9190456aed1c2113ca51ea9b89219747458dc1
- name: github.com/spf13/viper
  version: 7538d73b4eb9511d85a9f1dfef202eeb8ac260f4
- name: github.com/stretchr/testify
  version: 6fe211e493929a8aac0469b93f28b1d0688a9a3a
  subpackages:
  - assert
  - require
- name: github.com/uber-go/atomic
  version: e682c1008ac17bf26d2e4b5ad6cdd08520ed0b22
- name: github.com/uber-go/tally
  version: 43c1379c0577ac1eb74f9f3869cea07191c9992b
  subpackages:
  - m3
  - m3/customtransports
  - m3/thrift
  - m3/thriftudp
- name: github.com/uber/tchannel-go
  version: 8d570ed87acb2661d390c096215260f3f9e9b931
  subpackages:
  - relay
  - thrift
  - thrift/gen-go/meta
  - tnet
  - trand
  - typed
- name: golang.org/x/net
  version: 61557ac0112b576429a0df080e1c2cef5dfbb642
  subpackages:
  - context
  - http2
  - http2/hpack
  - idna
  - internal/timeseries
  - lex/httplex
  - trace
- name: golang.org/x/sys
  version: d4feaf1a7e61e1d9e79e6c4e76c6349e9cab0a03
  subpackages:
  - unix
- name: golang.org/x/text
  version: ece019dcfd29abcf65d0d1dfe145e8faad097640
  subpackages:
  - transform
  - unicode/norm
- name: google.golang.org/grpc
  version: 777daa17ff9b5daef1cfdf915088a2ada3332bf0
  subpackages:
  - codes
  - credentials
  - grpclog
  - internal
  - metadata
  - naming
  - peer
  - transport
- name: gopkg.in/validator.v2
  version: 3e4f037f12a1221a0864cf0dd2e81c452ab22448
- name: gopkg.in/yaml.v2
  version: a83829b6f1293c91addabc89d0571c246397bbf4
testImports: []
