hash: 6b94ffbd1ae608c1b0f019c52ef31be903d6432a6a9e740ff40d9042b6c6ba33
updated: 2018-02-26T13:31:51.245614-05:00
imports:
- name: github.com/apache/thrift
  version: 9549b25c77587b29be4e0b5c258221a4ed85d37a
  subpackages:
  - lib/go/thrift
- name: github.com/facebookgo/clock
  version: 600d898af40aa09a7a93ecb9265d87b0504b6f03
- name: github.com/fortytw2/leaktest
  version: 7dad53304f9614c1c365755c1176a8e876fee3e8
- name: github.com/go-ole/go-ole
  version: a41e3c4b706f6ae8dfbff342b06e40fa4d2d0506
  subpackages:
  - oleutil
- name: github.com/golang/mock
  version: 13f360950a79f5864a972c786a10a50e44b69541
  subpackages:
  - gomock
- name: github.com/shirou/gopsutil
  version: c432be29ccce470088d07eea25b3ea7e68a8afbb
  subpackages:
  - cpu
  - host
  - internal/common
  - mem
  - net
  - process
- name: github.com/shirou/w32
  version: bb4de0191aa41b5507caa14b0650cdbddcd9280b
- name: github.com/spaolacci/murmur3
  version: 9f5d223c60793748f04a9d5b4b4eacddfc1f755d
- name: github.com/StackExchange/wmi
  version: 5d049714c4a64225c3c79a7cf7d02f7fb5b96338
- name: github.com/uber-go/atomic
  version: 8474b86a5a6f79c443ce4b2992817ff32cf208b8
- name: github.com/uber-go/tally
  version: 522328b48efad0c6034dba92bf39228694e9d31f
  subpackages:
  - m3
  - m3/customtransports
  - m3/thrift
  - m3/thriftudp
- name: github.com/uber-go/zap
  version: 35aad584952c3e7020db7b839f6b102de6271f89
- name: go.uber.org/atomic
  version: 8474b86a5a6f79c443ce4b2992817ff32cf208b8
- name: go.uber.org/multierr
  version: 3c4937480c32f4c13a875a1829af76c98ca3d40a
- name: go.uber.org/zap
  version: f85c78b1dd998214c5f2138155b320a4a43fbe36
  subpackages:
  - buffer
  - internal/bufferpool
  - internal/color
  - internal/exit
  - zapcore
- name: golang.org/x/sys
  version: f6cff0780e542efa0c8e864dc8fa522808f6a598
  subpackages:
  - unix
  - windows
- name: gopkg.in/validator.v2
  version: 3e4f037f12a1221a0864cf0dd2e81c452ab22448
- name: gopkg.in/yaml.v2
  version: a83829b6f1293c91addabc89d0571c246397bbf4
testImports:
- name: github.com/davecgh/go-spew
  version: 346938d642f2ec3594ed81d874461961cd0faa76
  subpackages:
  - spew
- name: github.com/pmezard/go-difflib
  version: d8ed2627bdf02c080bf22230dbb337003b7aba2d
  subpackages:
  - difflib
- name: github.com/stretchr/testify
  version: 12b6f73e6084dad08a7c6e575284b177ecafbc71
  subpackages:
  - assert
  - require
