hash: c3d6d257588777e2ff742d3e1c66f1c6e1bb2f44cdda155eb8b146e5a95f939d
updated: 2017-08-18T17:32:26.368391299-04:00
imports:
- name: github.com/apache/thrift
  version: 9549b25c77587b29be4e0b5c258221a4ed85d37a
  subpackages:
  - lib/go/thrift
- name: github.com/facebookgo/clock
  version: 600d898af40aa09a7a93ecb9265d87b0504b6f03
- name: github.com/go-ole/go-ole
  version: de8695c8edbf8236f30d6e1376e20b198a028d42
  subpackages:
  - oleutil
- name: github.com/golang/mock
  version: bd3c8e81be01eef76d4b503f5e687d2d1354d2d9
- name: github.com/shirou/gopsutil
  version: b62e301a8b9958eebb7299683eb57fab229a9501
  subpackages:
  - cpu
  - host
  - internal/common
  - mem
  - net
  - process
- name: github.com/shirou/w32
  version: bb4de0191aa41b5507caa14b0650cdbddcd9280b
- name: github.com/StackExchange/wmi
  version: e542ed97d15e640bdc14b5c12162d59e8fc67324
- name: github.com/stretchr/testify
  version: d77da356e56a7428ad25149ca77381849a6a5232
  subpackages:
  - assert
  - require
- name: github.com/uber-go/atomic
  version: e682c1008ac17bf26d2e4b5ad6cdd08520ed0b22
- name: github.com/uber-go/tally
  version: 2605c407d7d219644d03a3680ad7df4779017782
  subpackages:
  - m3
  - m3/customtransports
  - m3/thrift
  - m3/thriftudp
- name: gopkg.in/validator.v2
  version: 3e4f037f12a1221a0864cf0dd2e81c452ab22448
- name: gopkg.in/yaml.v2
  version: a83829b6f1293c91addabc89d0571c246397bbf4
testImports:
- name: github.com/davecgh/go-spew
  version: 5215b55f46b2b919f50a1df0eaa5886afe4e3b3d
  subpackages:
  - spew
- name: github.com/pmezard/go-difflib
  version: d8ed2627bdf02c080bf22230dbb337003b7aba2d
  subpackages:
  - difflib
