hash: 6e7d16607f8e9e9feae98085d74fd4a2d916f948f2ed12df77af7541a9c911fe
updated: 2018-04-11T15:19:51.162798528-04:00
imports: []
testImports:
- name: github.com/davecgh/go-spew
  version: 346938d642f2ec3594ed81d874461961cd0faa76
  subpackages:
  - spew
- name: github.com/pmezard/go-difflib
  version: 792786c7400a136282c1664665ae0a8db921c6c2
  subpackages:
  - difflib
- name: github.com/stretchr/objx
  version: facf9a85c22f48d2f52f2380e4efce1768749a89
- name: github.com/stretchr/testify
  version: 12b6f73e6084dad08a7c6e575284b177ecafbc71
  subpackages:
  - assert
  - mock
  - require
