hash: d0f328113b8aec1d1a807ece3909b894ac1911bdfc49ffe0157df571d2545c3e
updated: 2018-05-21T15:58:01.616177964-04:00
imports:
- name: github.com/apache/thrift
  version: 9549b25c77587b29be4e0b5c258221a4ed85d37a
  subpackages:
  - lib/go/thrift
- name: github.com/cespare/xxhash
  version: 48099fad606eafc26e3a569fad19ff510fff4df6
- name: github.com/couchbase/vellum
  version: 1782e2d46ce2a9f28bd1ac1b46cd141c0d887c9b
  repo: https://github.com/m3db/vellum
  subpackages:
  - regexp
  - utf8
- name: github.com/edsrzf/mmap-go
  version: 0bce6a6887123b67a60366d2c9fe2dfb74289d2e
- name: github.com/glycerine/go-unsnap-stream
  version: 9f0cb55181dd3a0a4c168d3dbc72d4aca4853126
- name: github.com/golang/mock
  version: c34cdb4725f4c3844d095133c6e40e448b86589b
  subpackages:
  - gomock
- name: github.com/golang/protobuf
  version: b4deda0973fb4c70b50d226b1af49f3da59f5265
  subpackages:
  - proto
- name: github.com/golang/snappy
  version: 553a641470496b2327abcac10b36396bd98e45c9
- name: github.com/m3db/codesearch
  version: a45d81b686e85d01f2838439deaf72126ccd5a96
- name: github.com/m3db/m3x
  version: 6148700dde75adcdcc27d16fb68cee2d9d9126d8
  subpackages:
  - checked
  - errors
  - generics
  - instrument
  - log
  - pool
  - process
  - resource
  - test
- name: github.com/mschoch/smat
  version: 90eadee771aeab36e8bf796039b8c261bebebe4f
- name: github.com/philhofer/fwd
  version: bb6d471dc95d4fe11e432687f8b70ff496cf3136
- name: github.com/pilosa/pilosa
  version: 00f5a1539fb79ab099a3e612a401a5510784eacb
  subpackages:
  - roaring
- name: github.com/RoaringBitmap/roaring
  version: 1a28a7fa985680f9f4e1644c0a857ec359a444b0
- name: github.com/satori/go.uuid
  version: f58768cc1a7a7e77a3bd49e98cdd21419399b6a3
- name: github.com/tinylib/msgp
  version: c8cf64dff2009d53fa8f8a16df54d1cdfc64c4a7
  subpackages:
  - msgp
- name: github.com/uber-go/atomic
  version: 1ea20fb1cbb1cc08cbd0d913a96dead89aa18289
- name: github.com/uber-go/tally
  version: 79f2a33b0e55b1255ffbbaf824dcafb09ff34dda
  subpackages:
  - m3
  - m3/customtransports
  - m3/thrift
  - m3/thriftudp
- name: github.com/willf/bitset
  version: 5c3c0fce48842b2c0bbaa99b4e61b0175d84b47c
  repo: https://github.com/willf/bitset
- name: go.uber.org/atomic
  version: 1ea20fb1cbb1cc08cbd0d913a96dead89aa18289
- name: go.uber.org/multierr
  version: 3c4937480c32f4c13a875a1829af76c98ca3d40a
- name: go.uber.org/zap
  version: f85c78b1dd998214c5f2138155b320a4a43fbe36
  subpackages:
  - buffer
  - internal/bufferpool
  - internal/color
  - internal/exit
  - zapcore
- name: golang.org/x/net
  version: 57065200b4b034a1c8ad54ff77069408c2218ae6
  subpackages:
  - context
testImports:
- name: github.com/davecgh/go-spew
  version: 346938d642f2ec3594ed81d874461961cd0faa76
  subpackages:
  - spew
- name: github.com/leanovate/gopter
  version: ed879adfa983372d181640d83cbb2851480335d4
  subpackages:
  - gen
  - prop
- name: github.com/pmezard/go-difflib
  version: d8ed2627bdf02c080bf22230dbb337003b7aba2d
  subpackages:
  - difflib
- name: github.com/stretchr/testify
  version: 12b6f73e6084dad08a7c6e575284b177ecafbc71
  subpackages:
  - assert
  - require
  - suite
