hash: 9369108084d181614800f6f01439818f5bcddbcbec9503cf94d6041bdb9291d8
updated: 2018-02-13T18:14:26.930516-05:00
imports:
- name: github.com/apache/thrift
  version: 9549b25c77587b29be4e0b5c258221a4ed85d37a
  subpackages:
  - lib/go/thrift
- name: github.com/facebookgo/clock
  version: 600d898af40aa09a7a93ecb9265d87b0504b6f03
- name: github.com/glycerine/go-unsnap-stream
  version: 62a9a9eb44fd8932157b1a8ace2149eff5971af6
- name: github.com/go-ole/go-ole
  version: de8695c8edbf8236f30d6e1376e20b198a028d42
  subpackages:
  - oleutil
- name: github.com/golang/snappy
  version: d7b1e156f50d3c4664f683603af70e3e47fa0aa2
- name: github.com/google/codesearch
  version: a45d81b686e85d01f2838439deaf72126ccd5a96
  subpackages:
  - sparse
- name: github.com/m3db/codesearch
  version: a45d81b686e85d01f2838439deaf72126ccd5a96
  subpackages:
  - index
- name: github.com/m3db/m3x
  version: 640bad305baa75986e8b4cbacd23b530374f9c76
  subpackages:
  - checked
  - instrument
  - log
  - pool
  - process
- name: github.com/mschoch/smat
  version: 90eadee771aeab36e8bf796039b8c261bebebe4f
- name: github.com/philhofer/fwd
  version: bb6d471dc95d4fe11e432687f8b70ff496cf3136
- name: github.com/RoaringBitmap/roaring
  version: 4bbba8874933b985c9160558fddea525dde73e63
- name: github.com/shirou/gopsutil
  version: b62e301a8b9958eebb7299683eb57fab229a9501
  subpackages:
  - cpu
  - host
  - internal/common
  - mem
  - net
  - process
- name: github.com/shirou/w32
  version: bb4de0191aa41b5507caa14b0650cdbddcd9280b
- name: github.com/StackExchange/wmi
  version: e542ed97d15e640bdc14b5c12162d59e8fc67324
- name: github.com/tinylib/msgp
  version: 4b2b2ac00eb1c1f32da648403859ea59033f0bab
  subpackages:
  - msgp
- name: github.com/uber-go/atomic
  version: 8474b86a5a6f79c443ce4b2992817ff32cf208b8
- name: github.com/uber-go/tally
  version: 6c4631652c6aab57c64f65c2e0aaec2e9aae3a64
  subpackages:
  - m3
  - m3/customtransports
  - m3/thrift
  - m3/thriftudp
- name: github.com/willf/bitset
  version: 1ea0245d2bc8ce44623f24a1ae162beb06ad8cd6
testImports:
- name: github.com/davecgh/go-spew
  version: 346938d642f2ec3594ed81d874461961cd0faa76
  subpackages:
  - spew
- name: github.com/leanovate/gopter
  version: ed879adfa983372d181640d83cbb2851480335d4
  subpackages:
  - gen
  - prop
- name: github.com/pmezard/go-difflib
  version: 792786c7400a136282c1664665ae0a8db921c6c2
  subpackages:
  - difflib
- name: github.com/stretchr/testify
  version: 12b6f73e6084dad08a7c6e575284b177ecafbc71
  subpackages:
  - assert
  - require
  - suite
